PODS:
  - Anchorage (4.4.0)
  - Cache (5.2.0)
  - DeviceKit (3.0.0)
  - Hero (1.5.0)
  - lottie-ios (3.1.6)

DEPENDENCIES:
  - Anchorage
  - Cache
  - DeviceKit
  - Hero
  - lottie-ios

SPEC REPOS:
  trunk:
    - Anchorage
    - Cache
    - DeviceKit
    - Hero
    - lottie-ios

SPEC CHECKSUMS:
  Anchorage: d7f02c4f9425b537053237aab11ae97e59b55f36
  Cache: 807c5d86d01a177f06ede9865add3aea269bbfd4
  DeviceKit: fc3c2bd361a8d68d8a91eb715e453aede57317e5
  Hero: b7385b75e7259da62f4f85462f59a5082d66b058
  lottie-ios: 85ce835dd8c53e02509f20729fc7d6a4e6645a0a

PODFILE CHECKSUM: 8ceae33790d9de903edd3ba853c80c67d96a610a

COCOAPODS: 1.8.4
