PODS:
  - Anchorage (4.2.4)
  - DeckTransition (2.1.0)
  - DeviceKit (1.8.1)
  - Hero (1.3.1)
  - lottie-ios (2.5.0)
  - MarkdownView (1.3.0)
  - Result (4.0.0)
  - UINavigationBar-Transparent (1.2)

DEPENDENCIES:
  - Anchorage
  - DeckTransition
  - DeviceKit
  - Hero
  - lottie-ios
  - MarkdownView
  - Result
  - UINavigationBar-Transparent

SPEC REPOS:
  https://github.com/cocoapods/specs.git:
    - Anchorage
    - DeckTransition
    - DeviceKit
    - Hero
    - lottie-ios
    - MarkdownView
    - Result
    - UINavigationBar-Transparent

SPEC CHECKSUMS:
  Anchorage: f855157310859280c706cc0b9c9281c21702f515
  DeckTransition: ca707456e3d83928c895fed6f458cbf68c5cac84
  DeviceKit: eb29be542f5473b46b1c719011cf7de3ec5264ca
  Hero: 1c3c625ba05856f305d29f5c270f8766c5ff2df7
  lottie-ios: d699fdee68d7b63e721d949388b015fef1aaa4ac
  MarkdownView: 6cee6c558eed4a012005405066071ef16a042d17
  Result: 7645bb3f50c2ce726dd0ff2fa7b6f42bbe6c3713
  UINavigationBar-Transparent: 7461a7dbff53a7b558985812d38bb054717de795

PODFILE CHECKSUM: 2d6d52abfea562072b8478a6ad79bbf834a4701a

COCOAPODS: 1.5.3
