PODS:
  - Anchorage (4.3.1)
  - DeviceKit (2.3.0)
  - Hero (1.5.0)
  - lottie-ios (3.1.5)
  - MarkdownView (1.5.0)

DEPENDENCIES:
  - Anchorage
  - DeviceKit
  - Hero
  - lottie-ios
  - MarkdownView (from `https://github.com/thexande/MarkdownView.git`, branch `master`)

SPEC REPOS:
  trunk:
    - Anchorage
    - DeviceKit
    - Hero
    - lottie-ios

EXTERNAL SOURCES:
  MarkdownView:
    :branch: master
    :git: https://github.com/thexande/MarkdownView.git

CHECKOUT OPTIONS:
  MarkdownView:
    :commit: 9f74fc9276c36290d747497bd022eaff9808b55b
    :git: https://github.com/thexande/MarkdownView.git

SPEC CHECKSUMS:
  Anchorage: a187da0bc9b07440637d42c8744b8c82a4490295
  DeviceKit: da103891aa928d89f64ea8dd8aca738c5f3d8ac0
  Hero: b7385b75e7259da62f4f85462f59a5082d66b058
  lottie-ios: 32bf84389337d86fbc8b12266e88452e0abf1dee
  MarkdownView: 5bbee438c823db1cd189002d44c84fa909b3a896

PODFILE CHECKSUM: e5c800b25d95ab90c3f0095315192bc7990b4325

COCOAPODS: 1.8.4
