// !$*UTF8*$!
{
	archiveVersion = 1;
	classes = {
	};
	objectVersion = 51;
	objects = {

/* Begin PBXBuildFile section */
		04C550151D7ECF1FF0989D0A /* Pods_Algorithms___Data_Structures.framework in Frameworks */ = {isa = PBXBuildFile; fileRef = 7FFC57D1C94F832F8E234C17 /* Pods_Algorithms___Data_Structures.framework */; };
		1A1068B62222D4A1008CC444 /* IntroductionAlgorithm.swift in Sources */ = {isa = PBXBuildFile; fileRef = 1A1068B52222D4A1008CC444 /* IntroductionAlgorithm.swift */; };
		1A1068B82222DD37008CC444 /* AlgorithmCategory.swift in Sources */ = {isa = PBXBuildFile; fileRef = 1A1068B72222DD37008CC444 /* AlgorithmCategory.swift */; };
		1A1068BA2222E0B9008CC444 /* SortingLevel.swift in Sources */ = {isa = PBXBuildFile; fileRef = 1A1068B92222E0B9008CC444 /* SortingLevel.swift */; };
		1A1068BC2222E16A008CC444 /* GettingStartedAlgorithm.swift in Sources */ = {isa = PBXBuildFile; fileRef = 1A1068BB2222E16A008CC444 /* GettingStartedAlgorithm.swift */; };
		1A1068BE2222E226008CC444 /* SearchingAlgorithm.swift in Sources */ = {isa = PBXBuildFile; fileRef = 1A1068BD2222E226008CC444 /* SearchingAlgorithm.swift */; };
		1A1068C02222E394008CC444 /* StringSearchAlgorithm.swift in Sources */ = {isa = PBXBuildFile; fileRef = 1A1068BF2222E394008CC444 /* StringSearchAlgorithm.swift */; };
		1A1068C22222E448008CC444 /* SortingAlgorithm.swift in Sources */ = {isa = PBXBuildFile; fileRef = 1A1068C12222E448008CC444 /* SortingAlgorithm.swift */; };
		1A1068C42222E553008CC444 /* CompressionAlgorithm.swift in Sources */ = {isa = PBXBuildFile; fileRef = 1A1068C32222E553008CC444 /* CompressionAlgorithm.swift */; };
		1A1068C62222E5F3008CC444 /* MiscAlgorithm.swift in Sources */ = {isa = PBXBuildFile; fileRef = 1A1068C52222E5F3008CC444 /* MiscAlgorithm.swift */; };
		1A1068C82222E67B008CC444 /* MathematicsAlgorithm.swift in Sources */ = {isa = PBXBuildFile; fileRef = 1A1068C72222E67B008CC444 /* MathematicsAlgorithm.swift */; };
		1A1068CA2222E73A008CC444 /* MachineLearningAlgorithm.swift in Sources */ = {isa = PBXBuildFile; fileRef = 1A1068C92222E73A008CC444 /* MachineLearningAlgorithm.swift */; };
		A047A9EC54180CBA5FC69D3E /* Pods_swift_algorithmsUITests.framework in Frameworks */ = {isa = PBXBuildFile; fileRef = DA706CACE80D15D9F2E76A6C /* Pods_swift_algorithmsUITests.framework */; };
		A2D272B3DAFD868E2F71F48A /* Pods_swift_algorithmsTests.framework in Frameworks */ = {isa = PBXBuildFile; fileRef = 270B493059A6D7185F03AF9C /* Pods_swift_algorithmsTests.framework */; };
		B00A1DB0212F8AD5007187CF /* legoloader.json in Resources */ = {isa = PBXBuildFile; fileRef = B00A1DAF212F8AD5007187CF /* legoloader.json */; };
		B00A1DB2212F8C67007187CF /* LottieLoaderView.swift in Sources */ = {isa = PBXBuildFile; fileRef = B00A1DB1212F8C67007187CF /* LottieLoaderView.swift */; };
		B00B26A32123B5DE00E1DF9C /* AppDelegate.swift in Sources */ = {isa = PBXBuildFile; fileRef = B00B26A22123B5DE00E1DF9C /* AppDelegate.swift */; };
		B00B26A52123B5DE00E1DF9C /* MarkdownPresentationViewController.swift in Sources */ = {isa = PBXBuildFile; fileRef = B00B26A42123B5DE00E1DF9C /* MarkdownPresentationViewController.swift */; };
		B00B26AA2123B5E000E1DF9C /* Assets.xcassets in Resources */ = {isa = PBXBuildFile; fileRef = B00B26A92123B5E000E1DF9C /* Assets.xcassets */; };
		B00B26AD2123B5E000E1DF9C /* LaunchScreen.storyboard in Resources */ = {isa = PBXBuildFile; fileRef = B00B26AB2123B5E000E1DF9C /* LaunchScreen.storyboard */; };
		B00B26B82123B5E000E1DF9C /* swift_algorithmsTests.swift in Sources */ = {isa = PBXBuildFile; fileRef = B00B26B72123B5E000E1DF9C /* swift_algorithmsTests.swift */; };
		B00B26C32123B5E000E1DF9C /* swift_algorithmsUITests.swift in Sources */ = {isa = PBXBuildFile; fileRef = B00B26C22123B5E000E1DF9C /* swift_algorithmsUITests.swift */; };
		B01733852128CB7200FBEFE5 /* QuadrantSelectorView.swift in Sources */ = {isa = PBXBuildFile; fileRef = B01733842128CB7200FBEFE5 /* QuadrantSelectorView.swift */; };
		B01733892128CBA900FBEFE5 /* QuadrantItemView.swift in Sources */ = {isa = PBXBuildFile; fileRef = B01733882128CBA900FBEFE5 /* QuadrantItemView.swift */; };
		B017338B2128CC9800FBEFE5 /* RootTabBarController.swift in Sources */ = {isa = PBXBuildFile; fileRef = B017338A2128CC9800FBEFE5 /* RootTabBarController.swift */; };
		B017338D2128CDC700FBEFE5 /* SectionProxyTableViewController.swift in Sources */ = {isa = PBXBuildFile; fileRef = B017338C2128CDC700FBEFE5 /* SectionProxyTableViewController.swift */; };
		B017338F2128D02900FBEFE5 /* DataStructuresViewController.swift in Sources */ = {isa = PBXBuildFile; fileRef = B017338E2128D02900FBEFE5 /* DataStructuresViewController.swift */; };
		B01733912128D04500FBEFE5 /* AlgorithmViewController.swift in Sources */ = {isa = PBXBuildFile; fileRef = B01733902128D04500FBEFE5 /* AlgorithmViewController.swift */; };
		B01733932128D1F600FBEFE5 /* ClosureProxy.swift in Sources */ = {isa = PBXBuildFile; fileRef = B01733922128D1F600FBEFE5 /* ClosureProxy.swift */; };
		B01733952128E44500FBEFE5 /* UIImage.swift in Sources */ = {isa = PBXBuildFile; fileRef = B01733942128E44500FBEFE5 /* UIImage.swift */; };
		B01733972128E8EA00FBEFE5 /* ActionTableSectionController.swift in Sources */ = {isa = PBXBuildFile; fileRef = B01733962128E8EA00FBEFE5 /* ActionTableSectionController.swift */; };
		B01733992128E92400FBEFE5 /* ActionIconRowCell.swift in Sources */ = {isa = PBXBuildFile; fileRef = B01733982128E92400FBEFE5 /* ActionIconRowCell.swift */; };
		B017339B2129347600FBEFE5 /* ActionTableRowController.swift in Sources */ = {isa = PBXBuildFile; fileRef = B017339A2129347600FBEFE5 /* ActionTableRowController.swift */; };
		B017339D212934A200FBEFE5 /* BasicTableSectionController.swift in Sources */ = {isa = PBXBuildFile; fileRef = B017339C212934A200FBEFE5 /* BasicTableSectionController.swift */; };
		B017339F212934CB00FBEFE5 /* LabelTableFooterView.swift in Sources */ = {isa = PBXBuildFile; fileRef = B017339E212934CB00FBEFE5 /* LabelTableFooterView.swift */; };
		B01733A1212934DE00FBEFE5 /* BasicTableHeaderView.swift in Sources */ = {isa = PBXBuildFile; fileRef = B01733A0212934DE00FBEFE5 /* BasicTableHeaderView.swift */; };
		B01733A3212934F400FBEFE5 /* BasicTableRowController.swift in Sources */ = {isa = PBXBuildFile; fileRef = B01733A2212934F400FBEFE5 /* BasicTableRowController.swift */; };
		B01733A52129351A00FBEFE5 /* BasicTableCell.swift in Sources */ = {isa = PBXBuildFile; fileRef = B01733A42129351A00FBEFE5 /* BasicTableCell.swift */; };
		B01733AB2129389000FBEFE5 /* PrimaryButton.swift in Sources */ = {isa = PBXBuildFile; fileRef = B01733AA2129389000FBEFE5 /* PrimaryButton.swift */; };
		B01733AD21294C4C00FBEFE5 /* UrlFactory.swift in Sources */ = {isa = PBXBuildFile; fileRef = B01733AC21294C4C00FBEFE5 /* UrlFactory.swift */; };
		B01733AF21294C6E00FBEFE5 /* StringNetworkService.swift in Sources */ = {isa = PBXBuildFile; fileRef = B01733AE21294C6E00FBEFE5 /* StringNetworkService.swift */; };
		B03CEA5D2134CDA100F87760 /* AlgorithmSectionFactory.swift in Sources */ = {isa = PBXBuildFile; fileRef = B03CEA5C2134CDA100F87760 /* AlgorithmSectionFactory.swift */; };
		B03CEA5F2134E00F00F87760 /* CategoryCoordinator.swift in Sources */ = {isa = PBXBuildFile; fileRef = B03CEA5E2134E00F00F87760 /* CategoryCoordinator.swift */; };
		B0513C32213B4E2C006C0124 /* README.md in Resources */ = {isa = PBXBuildFile; fileRef = B0513C31213B4E2C006C0124 /* README.md */; };
		B069F1B5212A3E63002FABFB /* SearchEmptyStateView.swift in Sources */ = {isa = PBXBuildFile; fileRef = B069F1B4212A3E63002FABFB /* SearchEmptyStateView.swift */; };
		B069F1B7212A406E002FABFB /* Rejection.json in Resources */ = {isa = PBXBuildFile; fileRef = B069F1B6212A406E002FABFB /* Rejection.json */; };
		B069F1BD212A494C002FABFB /* SearchResultsRowController.swift in Sources */ = {isa = PBXBuildFile; fileRef = B069F1BC212A494C002FABFB /* SearchResultsRowController.swift */; };
		B069F1BF212A5E83002FABFB /* TableLoadingView.swift in Sources */ = {isa = PBXBuildFile; fileRef = B069F1BE212A5E83002FABFB /* TableLoadingView.swift */; };
		B069F1C1212A6727002FABFB /* Algorithm.swift in Sources */ = {isa = PBXBuildFile; fileRef = B069F1C0212A6727002FABFB /* Algorithm.swift */; };
		B069F1C3212B8F72002FABFB /* CollectionSectionController.swift in Sources */ = {isa = PBXBuildFile; fileRef = B069F1C2212B8F72002FABFB /* CollectionSectionController.swift */; };
		B069F1C5212B987B002FABFB /* CALayer.swift in Sources */ = {isa = PBXBuildFile; fileRef = B069F1C4212B987B002FABFB /* CALayer.swift */; };
		B06EB0B42138F6CF0088C86D /* DataStructureSectionFactory.swift in Sources */ = {isa = PBXBuildFile; fileRef = B06EB0B32138F6CF0088C86D /* DataStructureSectionFactory.swift */; };
		B0A4DB342129E781000CFC7F /* AlgorithmPresenter.swift in Sources */ = {isa = PBXBuildFile; fileRef = B0A4DB332129E781000CFC7F /* AlgorithmPresenter.swift */; };
		B0A4DB362129F21C000CFC7F /* BasicTableHeaderRowController.swift in Sources */ = {isa = PBXBuildFile; fileRef = B0A4DB352129F21C000CFC7F /* BasicTableHeaderRowController.swift */; };
		B0A4DB38212A03B6000CFC7F /* JoinTheClubRowController.swift in Sources */ = {isa = PBXBuildFile; fileRef = B0A4DB37212A03B6000CFC7F /* JoinTheClubRowController.swift */; };
		B0A4DB3A212A0648000CFC7F /* DonateFooterView.swift in Sources */ = {isa = PBXBuildFile; fileRef = B0A4DB39212A0648000CFC7F /* DonateFooterView.swift */; };
		B0A4DB3C212A066C000CFC7F /* ConfettiButton.swift in Sources */ = {isa = PBXBuildFile; fileRef = B0A4DB3B212A066C000CFC7F /* ConfettiButton.swift */; };
		B0A4DB3E212A068A000CFC7F /* ConfettilView.swift in Sources */ = {isa = PBXBuildFile; fileRef = B0A4DB3D212A068A000CFC7F /* ConfettilView.swift */; };
		B0A69B2C23F103D000CC9B4D /* SceneDelegate.swift in Sources */ = {isa = PBXBuildFile; fileRef = B0A69B2B23F103D000CC9B4D /* SceneDelegate.swift */; };
		B0A6B11D23E6B60C00EDA1E0 /* main.js in Resources */ = {isa = PBXBuildFile; fileRef = B0A6B11C23E6B60C00EDA1E0 /* main.js */; };
		B0A8FCFD2131DEFF008F82E2 /* DataStructureSearchPresenter.swift in Sources */ = {isa = PBXBuildFile; fileRef = B0A8FCFC2131DEFF008F82E2 /* DataStructureSearchPresenter.swift */; };
		B0A8FCFF2131FE26008F82E2 /* BasicTableFooterView.swift in Sources */ = {isa = PBXBuildFile; fileRef = B0A8FCFE2131FE26008F82E2 /* BasicTableFooterView.swift */; };
		B0A8FD01213208B6008F82E2 /* PuzzlesViewController.swift in Sources */ = {isa = PBXBuildFile; fileRef = B0A8FD00213208B6008F82E2 /* PuzzlesViewController.swift */; };
		B0A8FD03213208DB008F82E2 /* AboutViewController.swift in Sources */ = {isa = PBXBuildFile; fileRef = B0A8FD02213208DB008F82E2 /* AboutViewController.swift */; };
		B0A8FD05213210E0008F82E2 /* UINavigationController.swift in Sources */ = {isa = PBXBuildFile; fileRef = B0A8FD04213210E0008F82E2 /* UINavigationController.swift */; };
		B0A8FD0721321787008F82E2 /* PuzzlesPresenter.swift in Sources */ = {isa = PBXBuildFile; fileRef = B0A8FD0621321787008F82E2 /* PuzzlesPresenter.swift */; };
		B0A8FD0921321EA0008F82E2 /* Puzzle.swift in Sources */ = {isa = PBXBuildFile; fileRef = B0A8FD0821321EA0008F82E2 /* Puzzle.swift */; };
		B0A8FD0B21321FF6008F82E2 /* RootTabBarCoordinator.swift in Sources */ = {isa = PBXBuildFile; fileRef = B0A8FD0A21321FF6008F82E2 /* RootTabBarCoordinator.swift */; };
		B0BEE2DD23F8E1F100D20DE9 /* CatalystAlgorithmSearchPresenter.swift in Sources */ = {isa = PBXBuildFile; fileRef = B0BEE2DC23F8E1F100D20DE9 /* CatalystAlgorithmSearchPresenter.swift */; };
		B0C7F04F236933BF00F9B5BF /* AppCoordinator.swift in Sources */ = {isa = PBXBuildFile; fileRef = B0C7F04E236933BF00F9B5BF /* AppCoordinator.swift */; };
		B0CDE2FC23E9069D0091E8E2 /* index_dark.html in Resources */ = {isa = PBXBuildFile; fileRef = B0A6B11823E6B60C00EDA1E0 /* index_dark.html */; };
		B0CDE2FD23E9069D0091E8E2 /* index_light.html in Resources */ = {isa = PBXBuildFile; fileRef = B0A6B11923E6B60C00EDA1E0 /* index_light.html */; };
		B0CDE2FE23E906C40091E8E2 /* main_dark.css in Resources */ = {isa = PBXBuildFile; fileRef = B0A6B11B23E6B60C00EDA1E0 /* main_dark.css */; };
		B0CDE2FF23E906C40091E8E2 /* main_light.css in Resources */ = {isa = PBXBuildFile; fileRef = B0A6B11A23E6B60C00EDA1E0 /* main_light.css */; };
		B0CDE30223E9090D0091E8E2 /* MarkdownView.swift in Sources */ = {isa = PBXBuildFile; fileRef = B0CDE30123E9090D0091E8E2 /* MarkdownView.swift */; };
		B0CDE30523E90AFA0091E8E2 /* CategoryArticleListViewController.swift in Sources */ = {isa = PBXBuildFile; fileRef = B0CDE30423E90AFA0091E8E2 /* CategoryArticleListViewController.swift */; };
		B0CDE30923E90B660091E8E2 /* SideMenuTableViewController.swift in Sources */ = {isa = PBXBuildFile; fileRef = B0CDE30823E90B660091E8E2 /* SideMenuTableViewController.swift */; };
		B0D2FAAE23EFC742001ADACA /* RootCatalystCoordinator.swift in Sources */ = {isa = PBXBuildFile; fileRef = B0D2FAAD23EFC742001ADACA /* RootCatalystCoordinator.swift */; };
		B0D2FAB123EFC779001ADACA /* Coordinating.swift in Sources */ = {isa = PBXBuildFile; fileRef = B0D2FAB023EFC779001ADACA /* Coordinating.swift */; };
		B0D2FAB323EFCDD5001ADACA /* MainCatalystPresenter.swift in Sources */ = {isa = PBXBuildFile; fileRef = B0D2FAB223EFCDD5001ADACA /* MainCatalystPresenter.swift */; };
		B0E8C16A212FA09000CBE90B /* AlgorithmSearchPresenter.swift in Sources */ = {isa = PBXBuildFile; fileRef = B0E8C169212FA09000CBE90B /* AlgorithmSearchPresenter.swift */; };
		B0E8C16C212FAC1E00CBE90B /* SearchResultsTableViewController.swift in Sources */ = {isa = PBXBuildFile; fileRef = B0E8C16B212FAC1D00CBE90B /* SearchResultsTableViewController.swift */; };
		B0E8C16E212FAC4200CBE90B /* UIView.swift in Sources */ = {isa = PBXBuildFile; fileRef = B0E8C16D212FAC4200CBE90B /* UIView.swift */; };
		B0E8C1702130E41600CBE90B /* DataStructure.swift in Sources */ = {isa = PBXBuildFile; fileRef = B0E8C16F2130E41600CBE90B /* DataStructure.swift */; };
		B0F379A32381FCD100E4768A /* SettingsViewController.swift in Sources */ = {isa = PBXBuildFile; fileRef = B0F379A22381FCD100E4768A /* SettingsViewController.swift */; };
		B0F38506212BB21A00779976 /* CategoryRowTableSectionController.swift in Sources */ = {isa = PBXBuildFile; fileRef = B0F38505212BB21A00779976 /* CategoryRowTableSectionController.swift */; };
		B0F38508212BB23000779976 /* CategoryRowTableCell.swift in Sources */ = {isa = PBXBuildFile; fileRef = B0F38507212BB23000779976 /* CategoryRowTableCell.swift */; };
		B0F3850A212BB26A00779976 /* CategorySideScrollingCollecitonSectionController.swift in Sources */ = {isa = PBXBuildFile; fileRef = B0F38509212BB26A00779976 /* CategorySideScrollingCollecitonSectionController.swift */; };
		B0F3850C212BB29200779976 /* CategoryCollectionCell.swift in Sources */ = {isa = PBXBuildFile; fileRef = B0F3850B212BB29200779976 /* CategoryCollectionCell.swift */; };
		B0F3850E212BB33000779976 /* CategoryDetailViewController.swift in Sources */ = {isa = PBXBuildFile; fileRef = B0F3850D212BB33000779976 /* CategoryDetailViewController.swift */; };
		B0F6D77E213B428E00E52E71 /* DataStructurePresenter.swift in Sources */ = {isa = PBXBuildFile; fileRef = B0F6D77D213B428E00E52E71 /* DataStructurePresenter.swift */; };
/* End PBXBuildFile section */

/* Begin PBXContainerItemProxy section */
		B00B26B42123B5E000E1DF9C /* PBXContainerItemProxy */ = {
			isa = PBXContainerItemProxy;
			containerPortal = B00B26972123B5DE00E1DF9C /* Project object */;
			proxyType = 1;
			remoteGlobalIDString = B00B269E2123B5DE00E1DF9C;
			remoteInfo = swift_algorithms;
		};
		B00B26BF2123B5E000E1DF9C /* PBXContainerItemProxy */ = {
			isa = PBXContainerItemProxy;
			containerPortal = B00B26972123B5DE00E1DF9C /* Project object */;
			proxyType = 1;
			remoteGlobalIDString = B00B269E2123B5DE00E1DF9C;
			remoteInfo = swift_algorithms;
		};
/* End PBXContainerItemProxy section */

/* Begin PBXFileReference section */
		1A1068B52222D4A1008CC444 /* IntroductionAlgorithm.swift */ = {isa = PBXFileReference; lastKnownFileType = sourcecode.swift; path = IntroductionAlgorithm.swift; sourceTree = "<group>"; };
		1A1068B72222DD37008CC444 /* AlgorithmCategory.swift */ = {isa = PBXFileReference; lastKnownFileType = sourcecode.swift; path = AlgorithmCategory.swift; sourceTree = "<group>"; };
		1A1068B92222E0B9008CC444 /* SortingLevel.swift */ = {isa = PBXFileReference; lastKnownFileType = sourcecode.swift; path = SortingLevel.swift; sourceTree = "<group>"; };
		1A1068BB2222E16A008CC444 /* GettingStartedAlgorithm.swift */ = {isa = PBXFileReference; lastKnownFileType = sourcecode.swift; path = GettingStartedAlgorithm.swift; sourceTree = "<group>"; };
		1A1068BD2222E226008CC444 /* SearchingAlgorithm.swift */ = {isa = PBXFileReference; lastKnownFileType = sourcecode.swift; path = SearchingAlgorithm.swift; sourceTree = "<group>"; };
		1A1068BF2222E394008CC444 /* StringSearchAlgorithm.swift */ = {isa = PBXFileReference; lastKnownFileType = sourcecode.swift; path = StringSearchAlgorithm.swift; sourceTree = "<group>"; };
		1A1068C12222E448008CC444 /* SortingAlgorithm.swift */ = {isa = PBXFileReference; lastKnownFileType = sourcecode.swift; path = SortingAlgorithm.swift; sourceTree = "<group>"; };
		1A1068C32222E553008CC444 /* CompressionAlgorithm.swift */ = {isa = PBXFileReference; lastKnownFileType = sourcecode.swift; path = CompressionAlgorithm.swift; sourceTree = "<group>"; };
		1A1068C52222E5F3008CC444 /* MiscAlgorithm.swift */ = {isa = PBXFileReference; lastKnownFileType = sourcecode.swift; path = MiscAlgorithm.swift; sourceTree = "<group>"; };
		1A1068C72222E67B008CC444 /* MathematicsAlgorithm.swift */ = {isa = PBXFileReference; lastKnownFileType = sourcecode.swift; path = MathematicsAlgorithm.swift; sourceTree = "<group>"; };
		1A1068C92222E73A008CC444 /* MachineLearningAlgorithm.swift */ = {isa = PBXFileReference; lastKnownFileType = sourcecode.swift; path = MachineLearningAlgorithm.swift; sourceTree = "<group>"; };
		25DE690A1D41B3F49AE0DBC9 /* Pods-Algorithms & Data Structures.debug.xcconfig */ = {isa = PBXFileReference; includeInIndex = 1; lastKnownFileType = text.xcconfig; name = "Pods-Algorithms & Data Structures.debug.xcconfig"; path = "Pods/Target Support Files/Pods-Algorithms & Data Structures/Pods-Algorithms & Data Structures.debug.xcconfig"; sourceTree = "<group>"; };
		270B493059A6D7185F03AF9C /* Pods_swift_algorithmsTests.framework */ = {isa = PBXFileReference; explicitFileType = wrapper.framework; includeInIndex = 0; path = Pods_swift_algorithmsTests.framework; sourceTree = BUILT_PRODUCTS_DIR; };
		3C59D4B0B7D88D835003076D /* Pods-swift_algorithms.debug.xcconfig */ = {isa = PBXFileReference; includeInIndex = 1; lastKnownFileType = text.xcconfig; name = "Pods-swift_algorithms.debug.xcconfig"; path = "Pods/Target Support Files/Pods-swift_algorithms/Pods-swift_algorithms.debug.xcconfig"; sourceTree = "<group>"; };
		43E9CEB21F979302108A0517 /* Pods-swift_algorithmsUITests.release.xcconfig */ = {isa = PBXFileReference; includeInIndex = 1; lastKnownFileType = text.xcconfig; name = "Pods-swift_algorithmsUITests.release.xcconfig"; path = "Pods/Target Support Files/Pods-swift_algorithmsUITests/Pods-swift_algorithmsUITests.release.xcconfig"; sourceTree = "<group>"; };
		529FF965803B831A01694606 /* Pods-Swift Algorithms.release.xcconfig */ = {isa = PBXFileReference; includeInIndex = 1; lastKnownFileType = text.xcconfig; name = "Pods-Swift Algorithms.release.xcconfig"; path = "Pods/Target Support Files/Pods-Swift Algorithms/Pods-Swift Algorithms.release.xcconfig"; sourceTree = "<group>"; };
		53FAD4E9DB81ADD81659894E /* Pods-swift_algorithms.release.xcconfig */ = {isa = PBXFileReference; includeInIndex = 1; lastKnownFileType = text.xcconfig; name = "Pods-swift_algorithms.release.xcconfig"; path = "Pods/Target Support Files/Pods-swift_algorithms/Pods-swift_algorithms.release.xcconfig"; sourceTree = "<group>"; };
		78229BB56556A163094B062C /* Pods-Swift Algorithms.debug.xcconfig */ = {isa = PBXFileReference; includeInIndex = 1; lastKnownFileType = text.xcconfig; name = "Pods-Swift Algorithms.debug.xcconfig"; path = "Pods/Target Support Files/Pods-Swift Algorithms/Pods-Swift Algorithms.debug.xcconfig"; sourceTree = "<group>"; };
		7FFC57D1C94F832F8E234C17 /* Pods_Algorithms___Data_Structures.framework */ = {isa = PBXFileReference; explicitFileType = wrapper.framework; includeInIndex = 0; path = "Pods_Algorithms___Data_Structures.framework"; sourceTree = BUILT_PRODUCTS_DIR; };
		80420DF83CC2A4693487FB21 /* Pods-swift_algorithmsUITests.debug.xcconfig */ = {isa = PBXFileReference; includeInIndex = 1; lastKnownFileType = text.xcconfig; name = "Pods-swift_algorithmsUITests.debug.xcconfig"; path = "Pods/Target Support Files/Pods-swift_algorithmsUITests/Pods-swift_algorithmsUITests.debug.xcconfig"; sourceTree = "<group>"; };
		A47DECABA15EBECA27E1A640 /* Pods-Algorithms & Data Structures.release.xcconfig */ = {isa = PBXFileReference; includeInIndex = 1; lastKnownFileType = text.xcconfig; name = "Pods-Algorithms & Data Structures.release.xcconfig"; path = "Pods/Target Support Files/Pods-Algorithms & Data Structures/Pods-Algorithms & Data Structures.release.xcconfig"; sourceTree = "<group>"; };
		B00A1DAF212F8AD5007187CF /* legoloader.json */ = {isa = PBXFileReference; lastKnownFileType = text.json; path = legoloader.json; sourceTree = "<group>"; };
		B00A1DB1212F8C67007187CF /* LottieLoaderView.swift */ = {isa = PBXFileReference; lastKnownFileType = sourcecode.swift; path = LottieLoaderView.swift; sourceTree = "<group>"; };
		B00B269F2123B5DE00E1DF9C /* Algorithms & Data Structures.app */ = {isa = PBXFileReference; explicitFileType = wrapper.application; includeInIndex = 0; path = "Algorithms & Data Structures.app"; sourceTree = BUILT_PRODUCTS_DIR; };
		B00B26A22123B5DE00E1DF9C /* AppDelegate.swift */ = {isa = PBXFileReference; lastKnownFileType = sourcecode.swift; path = AppDelegate.swift; sourceTree = "<group>"; };
		B00B26A42123B5DE00E1DF9C /* MarkdownPresentationViewController.swift */ = {isa = PBXFileReference; lastKnownFileType = sourcecode.swift; path = MarkdownPresentationViewController.swift; sourceTree = "<group>"; };
		B00B26A92123B5E000E1DF9C /* Assets.xcassets */ = {isa = PBXFileReference; lastKnownFileType = folder.assetcatalog; path = Assets.xcassets; sourceTree = "<group>"; };
		B00B26AC2123B5E000E1DF9C /* Base */ = {isa = PBXFileReference; lastKnownFileType = file.storyboard; name = Base; path = Base.lproj/LaunchScreen.storyboard; sourceTree = "<group>"; };
		B00B26AE2123B5E000E1DF9C /* Info.plist */ = {isa = PBXFileReference; lastKnownFileType = text.plist.xml; path = Info.plist; sourceTree = "<group>"; };
		B00B26B32123B5E000E1DF9C /* swift_algorithmsTests.xctest */ = {isa = PBXFileReference; explicitFileType = wrapper.cfbundle; includeInIndex = 0; path = swift_algorithmsTests.xctest; sourceTree = BUILT_PRODUCTS_DIR; };
		B00B26B72123B5E000E1DF9C /* swift_algorithmsTests.swift */ = {isa = PBXFileReference; lastKnownFileType = sourcecode.swift; path = swift_algorithmsTests.swift; sourceTree = "<group>"; };
		B00B26B92123B5E000E1DF9C /* Info.plist */ = {isa = PBXFileReference; lastKnownFileType = text.plist.xml; path = Info.plist; sourceTree = "<group>"; };
		B00B26BE2123B5E000E1DF9C /* swift_algorithmsUITests.xctest */ = {isa = PBXFileReference; explicitFileType = wrapper.cfbundle; includeInIndex = 0; path = swift_algorithmsUITests.xctest; sourceTree = BUILT_PRODUCTS_DIR; };
		B00B26C22123B5E000E1DF9C /* swift_algorithmsUITests.swift */ = {isa = PBXFileReference; lastKnownFileType = sourcecode.swift; path = swift_algorithmsUITests.swift; sourceTree = "<group>"; };
		B00B26C42123B5E000E1DF9C /* Info.plist */ = {isa = PBXFileReference; lastKnownFileType = text.plist.xml; path = Info.plist; sourceTree = "<group>"; };
		B01733842128CB7200FBEFE5 /* QuadrantSelectorView.swift */ = {isa = PBXFileReference; lastKnownFileType = sourcecode.swift; path = QuadrantSelectorView.swift; sourceTree = "<group>"; };
		B01733882128CBA900FBEFE5 /* QuadrantItemView.swift */ = {isa = PBXFileReference; lastKnownFileType = sourcecode.swift; path = QuadrantItemView.swift; sourceTree = "<group>"; };
		B017338A2128CC9800FBEFE5 /* RootTabBarController.swift */ = {isa = PBXFileReference; lastKnownFileType = sourcecode.swift; path = RootTabBarController.swift; sourceTree = "<group>"; };
		B017338C2128CDC700FBEFE5 /* SectionProxyTableViewController.swift */ = {isa = PBXFileReference; lastKnownFileType = sourcecode.swift; path = SectionProxyTableViewController.swift; sourceTree = "<group>"; };
		B017338E2128D02900FBEFE5 /* DataStructuresViewController.swift */ = {isa = PBXFileReference; lastKnownFileType = sourcecode.swift; path = DataStructuresViewController.swift; sourceTree = "<group>"; };
		B01733902128D04500FBEFE5 /* AlgorithmViewController.swift */ = {isa = PBXFileReference; lastKnownFileType = sourcecode.swift; path = AlgorithmViewController.swift; sourceTree = "<group>"; };
		B01733922128D1F600FBEFE5 /* ClosureProxy.swift */ = {isa = PBXFileReference; lastKnownFileType = sourcecode.swift; path = ClosureProxy.swift; sourceTree = "<group>"; };
		B01733942128E44500FBEFE5 /* UIImage.swift */ = {isa = PBXFileReference; lastKnownFileType = sourcecode.swift; path = UIImage.swift; sourceTree = "<group>"; };
		B01733962128E8EA00FBEFE5 /* ActionTableSectionController.swift */ = {isa = PBXFileReference; lastKnownFileType = sourcecode.swift; path = ActionTableSectionController.swift; sourceTree = "<group>"; };
		B01733982128E92400FBEFE5 /* ActionIconRowCell.swift */ = {isa = PBXFileReference; lastKnownFileType = sourcecode.swift; path = ActionIconRowCell.swift; sourceTree = "<group>"; };
		B017339A2129347600FBEFE5 /* ActionTableRowController.swift */ = {isa = PBXFileReference; lastKnownFileType = sourcecode.swift; path = ActionTableRowController.swift; sourceTree = "<group>"; };
		B017339C212934A200FBEFE5 /* BasicTableSectionController.swift */ = {isa = PBXFileReference; lastKnownFileType = sourcecode.swift; path = BasicTableSectionController.swift; sourceTree = "<group>"; };
		B017339E212934CB00FBEFE5 /* LabelTableFooterView.swift */ = {isa = PBXFileReference; lastKnownFileType = sourcecode.swift; path = LabelTableFooterView.swift; sourceTree = "<group>"; };
		B01733A0212934DE00FBEFE5 /* BasicTableHeaderView.swift */ = {isa = PBXFileReference; lastKnownFileType = sourcecode.swift; path = BasicTableHeaderView.swift; sourceTree = "<group>"; };
		B01733A2212934F400FBEFE5 /* BasicTableRowController.swift */ = {isa = PBXFileReference; lastKnownFileType = sourcecode.swift; path = BasicTableRowController.swift; sourceTree = "<group>"; };
		B01733A42129351A00FBEFE5 /* BasicTableCell.swift */ = {isa = PBXFileReference; lastKnownFileType = sourcecode.swift; path = BasicTableCell.swift; sourceTree = "<group>"; };
		B01733AA2129389000FBEFE5 /* PrimaryButton.swift */ = {isa = PBXFileReference; lastKnownFileType = sourcecode.swift; path = PrimaryButton.swift; sourceTree = "<group>"; };
		B01733AC21294C4C00FBEFE5 /* UrlFactory.swift */ = {isa = PBXFileReference; lastKnownFileType = sourcecode.swift; path = UrlFactory.swift; sourceTree = "<group>"; };
		B01733AE21294C6E00FBEFE5 /* StringNetworkService.swift */ = {isa = PBXFileReference; lastKnownFileType = sourcecode.swift; path = StringNetworkService.swift; sourceTree = "<group>"; };
		B03CEA5C2134CDA100F87760 /* AlgorithmSectionFactory.swift */ = {isa = PBXFileReference; lastKnownFileType = sourcecode.swift; path = AlgorithmSectionFactory.swift; sourceTree = "<group>"; };
		B03CEA5E2134E00F00F87760 /* CategoryCoordinator.swift */ = {isa = PBXFileReference; lastKnownFileType = sourcecode.swift; path = CategoryCoordinator.swift; sourceTree = "<group>"; };
		B051086E23E69A9B00A1B802 /* swift_algorithms.entitlements */ = {isa = PBXFileReference; lastKnownFileType = text.plist.entitlements; path = swift_algorithms.entitlements; sourceTree = "<group>"; };
		B0513C31213B4E2C006C0124 /* README.md */ = {isa = PBXFileReference; fileEncoding = 4; lastKnownFileType = net.daringfireball.markdown; path = README.md; sourceTree = SOURCE_ROOT; };
		B069F1B4212A3E63002FABFB /* SearchEmptyStateView.swift */ = {isa = PBXFileReference; lastKnownFileType = sourcecode.swift; path = SearchEmptyStateView.swift; sourceTree = "<group>"; };
		B069F1B6212A406E002FABFB /* Rejection.json */ = {isa = PBXFileReference; lastKnownFileType = text.json; path = Rejection.json; sourceTree = "<group>"; };
		B069F1BC212A494C002FABFB /* SearchResultsRowController.swift */ = {isa = PBXFileReference; lastKnownFileType = sourcecode.swift; path = SearchResultsRowController.swift; sourceTree = "<group>"; };
		B069F1BE212A5E83002FABFB /* TableLoadingView.swift */ = {isa = PBXFileReference; lastKnownFileType = sourcecode.swift; path = TableLoadingView.swift; sourceTree = "<group>"; };
		B069F1C0212A6727002FABFB /* Algorithm.swift */ = {isa = PBXFileReference; lastKnownFileType = sourcecode.swift; path = Algorithm.swift; sourceTree = "<group>"; };
		B069F1C2212B8F72002FABFB /* CollectionSectionController.swift */ = {isa = PBXFileReference; lastKnownFileType = sourcecode.swift; path = CollectionSectionController.swift; sourceTree = "<group>"; };
		B069F1C4212B987B002FABFB /* CALayer.swift */ = {isa = PBXFileReference; lastKnownFileType = sourcecode.swift; path = CALayer.swift; sourceTree = "<group>"; };
		B06EB0B32138F6CF0088C86D /* DataStructureSectionFactory.swift */ = {isa = PBXFileReference; lastKnownFileType = sourcecode.swift; path = DataStructureSectionFactory.swift; sourceTree = "<group>"; };
		B0A4DB332129E781000CFC7F /* AlgorithmPresenter.swift */ = {isa = PBXFileReference; lastKnownFileType = sourcecode.swift; path = AlgorithmPresenter.swift; sourceTree = "<group>"; };
		B0A4DB352129F21C000CFC7F /* BasicTableHeaderRowController.swift */ = {isa = PBXFileReference; lastKnownFileType = sourcecode.swift; path = BasicTableHeaderRowController.swift; sourceTree = "<group>"; };
		B0A4DB37212A03B6000CFC7F /* JoinTheClubRowController.swift */ = {isa = PBXFileReference; lastKnownFileType = sourcecode.swift; path = JoinTheClubRowController.swift; sourceTree = "<group>"; };
		B0A4DB39212A0648000CFC7F /* DonateFooterView.swift */ = {isa = PBXFileReference; lastKnownFileType = sourcecode.swift; path = DonateFooterView.swift; sourceTree = "<group>"; };
		B0A4DB3B212A066C000CFC7F /* ConfettiButton.swift */ = {isa = PBXFileReference; lastKnownFileType = sourcecode.swift; path = ConfettiButton.swift; sourceTree = "<group>"; };
		B0A4DB3D212A068A000CFC7F /* ConfettilView.swift */ = {isa = PBXFileReference; lastKnownFileType = sourcecode.swift; path = ConfettilView.swift; sourceTree = "<group>"; };
		B0A69B2B23F103D000CC9B4D /* SceneDelegate.swift */ = {isa = PBXFileReference; lastKnownFileType = sourcecode.swift; path = SceneDelegate.swift; sourceTree = "<group>"; };
		B0A6B11823E6B60C00EDA1E0 /* index_dark.html */ = {isa = PBXFileReference; lastKnownFileType = text.html; path = index_dark.html; sourceTree = "<group>"; };
		B0A6B11923E6B60C00EDA1E0 /* index_light.html */ = {isa = PBXFileReference; lastKnownFileType = text.html; path = index_light.html; sourceTree = "<group>"; };
		B0A6B11A23E6B60C00EDA1E0 /* main_light.css */ = {isa = PBXFileReference; lastKnownFileType = text.css; path = main_light.css; sourceTree = "<group>"; };
		B0A6B11B23E6B60C00EDA1E0 /* main_dark.css */ = {isa = PBXFileReference; lastKnownFileType = text.css; path = main_dark.css; sourceTree = "<group>"; };
		B0A6B11C23E6B60C00EDA1E0 /* main.js */ = {isa = PBXFileReference; lastKnownFileType = sourcecode.javascript; path = main.js; sourceTree = "<group>"; };
		B0A8FCFC2131DEFF008F82E2 /* DataStructureSearchPresenter.swift */ = {isa = PBXFileReference; lastKnownFileType = sourcecode.swift; path = DataStructureSearchPresenter.swift; sourceTree = "<group>"; };
		B0A8FCFE2131FE26008F82E2 /* BasicTableFooterView.swift */ = {isa = PBXFileReference; lastKnownFileType = sourcecode.swift; path = BasicTableFooterView.swift; sourceTree = "<group>"; };
		B0A8FD00213208B6008F82E2 /* PuzzlesViewController.swift */ = {isa = PBXFileReference; lastKnownFileType = sourcecode.swift; path = PuzzlesViewController.swift; sourceTree = "<group>"; };
		B0A8FD02213208DB008F82E2 /* AboutViewController.swift */ = {isa = PBXFileReference; lastKnownFileType = sourcecode.swift; path = AboutViewController.swift; sourceTree = "<group>"; };
		B0A8FD04213210E0008F82E2 /* UINavigationController.swift */ = {isa = PBXFileReference; lastKnownFileType = sourcecode.swift; path = UINavigationController.swift; sourceTree = "<group>"; };
		B0A8FD0621321787008F82E2 /* PuzzlesPresenter.swift */ = {isa = PBXFileReference; lastKnownFileType = sourcecode.swift; path = PuzzlesPresenter.swift; sourceTree = "<group>"; };
		B0A8FD0821321EA0008F82E2 /* Puzzle.swift */ = {isa = PBXFileReference; lastKnownFileType = sourcecode.swift; path = Puzzle.swift; sourceTree = "<group>"; };
		B0A8FD0A21321FF6008F82E2 /* RootTabBarCoordinator.swift */ = {isa = PBXFileReference; lastKnownFileType = sourcecode.swift; path = RootTabBarCoordinator.swift; sourceTree = "<group>"; };
		B0BEE2DC23F8E1F100D20DE9 /* CatalystAlgorithmSearchPresenter.swift */ = {isa = PBXFileReference; lastKnownFileType = sourcecode.swift; path = CatalystAlgorithmSearchPresenter.swift; sourceTree = "<group>"; };
		B0C7F04E236933BF00F9B5BF /* AppCoordinator.swift */ = {isa = PBXFileReference; lastKnownFileType = sourcecode.swift; path = AppCoordinator.swift; sourceTree = "<group>"; };
		B0CDE30123E9090D0091E8E2 /* MarkdownView.swift */ = {isa = PBXFileReference; fileEncoding = 4; lastKnownFileType = sourcecode.swift; name = MarkdownView.swift; path = swift_algorithms/web/MarkdownView.swift; sourceTree = SOURCE_ROOT; };
		B0CDE30423E90AFA0091E8E2 /* CategoryArticleListViewController.swift */ = {isa = PBXFileReference; lastKnownFileType = sourcecode.swift; path = CategoryArticleListViewController.swift; sourceTree = "<group>"; };
		B0CDE30823E90B660091E8E2 /* SideMenuTableViewController.swift */ = {isa = PBXFileReference; lastKnownFileType = sourcecode.swift; path = SideMenuTableViewController.swift; sourceTree = "<group>"; };
		B0D2FAAD23EFC742001ADACA /* RootCatalystCoordinator.swift */ = {isa = PBXFileReference; lastKnownFileType = sourcecode.swift; path = RootCatalystCoordinator.swift; sourceTree = "<group>"; };
		B0D2FAB023EFC779001ADACA /* Coordinating.swift */ = {isa = PBXFileReference; lastKnownFileType = sourcecode.swift; path = Coordinating.swift; sourceTree = "<group>"; };
		B0D2FAB223EFCDD5001ADACA /* MainCatalystPresenter.swift */ = {isa = PBXFileReference; lastKnownFileType = sourcecode.swift; path = MainCatalystPresenter.swift; sourceTree = "<group>"; };
		B0E8C169212FA09000CBE90B /* AlgorithmSearchPresenter.swift */ = {isa = PBXFileReference; fileEncoding = 4; lastKnownFileType = sourcecode.swift; path = AlgorithmSearchPresenter.swift; sourceTree = "<group>"; };
		B0E8C16B212FAC1D00CBE90B /* SearchResultsTableViewController.swift */ = {isa = PBXFileReference; fileEncoding = 4; lastKnownFileType = sourcecode.swift; path = SearchResultsTableViewController.swift; sourceTree = "<group>"; };
		B0E8C16D212FAC4200CBE90B /* UIView.swift */ = {isa = PBXFileReference; lastKnownFileType = sourcecode.swift; path = UIView.swift; sourceTree = "<group>"; };
		B0E8C16F2130E41600CBE90B /* DataStructure.swift */ = {isa = PBXFileReference; lastKnownFileType = sourcecode.swift; path = DataStructure.swift; sourceTree = "<group>"; };
		B0F379A22381FCD100E4768A /* SettingsViewController.swift */ = {isa = PBXFileReference; lastKnownFileType = sourcecode.swift; path = SettingsViewController.swift; sourceTree = "<group>"; };
		B0F38505212BB21A00779976 /* CategoryRowTableSectionController.swift */ = {isa = PBXFileReference; lastKnownFileType = sourcecode.swift; path = CategoryRowTableSectionController.swift; sourceTree = "<group>"; };
		B0F38507212BB23000779976 /* CategoryRowTableCell.swift */ = {isa = PBXFileReference; lastKnownFileType = sourcecode.swift; path = CategoryRowTableCell.swift; sourceTree = "<group>"; };
		B0F38509212BB26A00779976 /* CategorySideScrollingCollecitonSectionController.swift */ = {isa = PBXFileReference; lastKnownFileType = sourcecode.swift; path = CategorySideScrollingCollecitonSectionController.swift; sourceTree = "<group>"; };
		B0F3850B212BB29200779976 /* CategoryCollectionCell.swift */ = {isa = PBXFileReference; lastKnownFileType = sourcecode.swift; path = CategoryCollectionCell.swift; sourceTree = "<group>"; };
		B0F3850D212BB33000779976 /* CategoryDetailViewController.swift */ = {isa = PBXFileReference; lastKnownFileType = sourcecode.swift; path = CategoryDetailViewController.swift; sourceTree = "<group>"; };
		B0F6D77D213B428E00E52E71 /* DataStructurePresenter.swift */ = {isa = PBXFileReference; fileEncoding = 4; lastKnownFileType = sourcecode.swift; path = DataStructurePresenter.swift; sourceTree = "<group>"; };
		CE2C916CA1E26A1540EF4A7B /* Pods-swift_algorithmsTests.release.xcconfig */ = {isa = PBXFileReference; includeInIndex = 1; lastKnownFileType = text.xcconfig; name = "Pods-swift_algorithmsTests.release.xcconfig"; path = "Pods/Target Support Files/Pods-swift_algorithmsTests/Pods-swift_algorithmsTests.release.xcconfig"; sourceTree = "<group>"; };
		DA706CACE80D15D9F2E76A6C /* Pods_swift_algorithmsUITests.framework */ = {isa = PBXFileReference; explicitFileType = wrapper.framework; includeInIndex = 0; path = Pods_swift_algorithmsUITests.framework; sourceTree = BUILT_PRODUCTS_DIR; };
		F4C1D994F013BE2CFEE1B988 /* Pods-swift_algorithmsTests.debug.xcconfig */ = {isa = PBXFileReference; includeInIndex = 1; lastKnownFileType = text.xcconfig; name = "Pods-swift_algorithmsTests.debug.xcconfig"; path = "Pods/Target Support Files/Pods-swift_algorithmsTests/Pods-swift_algorithmsTests.debug.xcconfig"; sourceTree = "<group>"; };
/* End PBXFileReference section */

/* Begin PBXFrameworksBuildPhase section */
		B00B269C2123B5DE00E1DF9C /* Frameworks */ = {
			isa = PBXFrameworksBuildPhase;
			buildActionMask = 2147483647;
			files = (
				04C550151D7ECF1FF0989D0A /* Pods_Algorithms___Data_Structures.framework in Frameworks */,
			);
			runOnlyForDeploymentPostprocessing = 0;
		};
		B00B26B02123B5E000E1DF9C /* Frameworks */ = {
			isa = PBXFrameworksBuildPhase;
			buildActionMask = 2147483647;
			files = (
				A2D272B3DAFD868E2F71F48A /* Pods_swift_algorithmsTests.framework in Frameworks */,
			);
			runOnlyForDeploymentPostprocessing = 0;
		};
		B00B26BB2123B5E000E1DF9C /* Frameworks */ = {
			isa = PBXFrameworksBuildPhase;
			buildActionMask = 2147483647;
			files = (
				A047A9EC54180CBA5FC69D3E /* Pods_swift_algorithmsUITests.framework in Frameworks */,
			);
			runOnlyForDeploymentPostprocessing = 0;
		};
/* End PBXFrameworksBuildPhase section */

/* Begin PBXGroup section */
		1A1068CC22231EB0008CC444 /* Algorithm */ = {
			isa = PBXGroup;
			children = (
				B069F1C0212A6727002FABFB /* Algorithm.swift */,
				1A1068B72222DD37008CC444 /* AlgorithmCategory.swift */,
				1A1068C32222E553008CC444 /* CompressionAlgorithm.swift */,
				1A1068BB2222E16A008CC444 /* GettingStartedAlgorithm.swift */,
				1A1068B52222D4A1008CC444 /* IntroductionAlgorithm.swift */,
				1A1068C92222E73A008CC444 /* MachineLearningAlgorithm.swift */,
				1A1068C72222E67B008CC444 /* MathematicsAlgorithm.swift */,
				1A1068C52222E5F3008CC444 /* MiscAlgorithm.swift */,
				1A1068BD2222E226008CC444 /* SearchingAlgorithm.swift */,
				1A1068C12222E448008CC444 /* SortingAlgorithm.swift */,
				1A1068B92222E0B9008CC444 /* SortingLevel.swift */,
				1A1068BF2222E394008CC444 /* StringSearchAlgorithm.swift */,
			);
			path = Algorithm;
			sourceTree = "<group>";
		};
		6A4B721553CD037E2A650550 /* Pods */ = {
			isa = PBXGroup;
			children = (
				3C59D4B0B7D88D835003076D /* Pods-swift_algorithms.debug.xcconfig */,
				53FAD4E9DB81ADD81659894E /* Pods-swift_algorithms.release.xcconfig */,
				F4C1D994F013BE2CFEE1B988 /* Pods-swift_algorithmsTests.debug.xcconfig */,
				CE2C916CA1E26A1540EF4A7B /* Pods-swift_algorithmsTests.release.xcconfig */,
				80420DF83CC2A4693487FB21 /* Pods-swift_algorithmsUITests.debug.xcconfig */,
				43E9CEB21F979302108A0517 /* Pods-swift_algorithmsUITests.release.xcconfig */,
				78229BB56556A163094B062C /* Pods-Swift Algorithms.debug.xcconfig */,
				529FF965803B831A01694606 /* Pods-Swift Algorithms.release.xcconfig */,
				25DE690A1D41B3F49AE0DBC9 /* Pods-Algorithms & Data Structures.debug.xcconfig */,
				A47DECABA15EBECA27E1A640 /* Pods-Algorithms & Data Structures.release.xcconfig */,
			);
			name = Pods;
			sourceTree = "<group>";
		};
		B00B26962123B5DE00E1DF9C = {
			isa = PBXGroup;
			children = (
				B00B26A12123B5DE00E1DF9C /* swift_algorithms */,
				B00B26B62123B5E000E1DF9C /* swift_algorithmsTests */,
				B00B26C12123B5E000E1DF9C /* swift_algorithmsUITests */,
				B00B26A02123B5DE00E1DF9C /* Products */,
				6A4B721553CD037E2A650550 /* Pods */,
				BECE2E0AED4B2BEDF256682C /* Frameworks */,
			);
			sourceTree = "<group>";
		};
		B00B26A02123B5DE00E1DF9C /* Products */ = {
			isa = PBXGroup;
			children = (
				B00B269F2123B5DE00E1DF9C /* Algorithms & Data Structures.app */,
				B00B26B32123B5E000E1DF9C /* swift_algorithmsTests.xctest */,
				B00B26BE2123B5E000E1DF9C /* swift_algorithmsUITests.xctest */,
			);
			name = Products;
			sourceTree = "<group>";
		};
		B00B26A12123B5DE00E1DF9C /* swift_algorithms */ = {
			isa = PBXGroup;
			children = (
				B0D2FAAF23EFC770001ADACA /* Protocols */,
				B0CDE30023E908E50091E8E2 /* web_markdown */,
				B051086E23E69A9B00A1B802 /* swift_algorithms.entitlements */,
				B0F6D784213B43EA00E52E71 /* Models */,
				B0F6D785213B440200E52E71 /* Services */,
				B0F6D782213B435300E52E71 /* Controllers */,
				B0F6D77F213B42A000E52E71 /* Coordinators */,
				B0F6D781213B430D00E52E71 /* Views */,
				B0F6D780213B42C500E52E71 /* Extensions */,
				B0AE3CB9213B426D00A65528 /* Presenters */,
				B0F6D783213B43B400E52E71 /* Factories */,
				B0F6D787213B444000E52E71 /* Application */,
				B0F6D786213B443200E52E71 /* Assets */,
				B00B26AE2123B5E000E1DF9C /* Info.plist */,
				B0513C31213B4E2C006C0124 /* README.md */,
			);
			path = swift_algorithms;
			sourceTree = "<group>";
		};
		B00B26B62123B5E000E1DF9C /* swift_algorithmsTests */ = {
			isa = PBXGroup;
			children = (
				B00B26B72123B5E000E1DF9C /* swift_algorithmsTests.swift */,
				B00B26B92123B5E000E1DF9C /* Info.plist */,
			);
			path = swift_algorithmsTests;
			sourceTree = "<group>";
		};
		B00B26C12123B5E000E1DF9C /* swift_algorithmsUITests */ = {
			isa = PBXGroup;
			children = (
				B00B26C22123B5E000E1DF9C /* swift_algorithmsUITests.swift */,
				B00B26C42123B5E000E1DF9C /* Info.plist */,
			);
			path = swift_algorithmsUITests;
			sourceTree = "<group>";
		};
		B0AE3CB9213B426D00A65528 /* Presenters */ = {
			isa = PBXGroup;
			children = (
				B0F6D77D213B428E00E52E71 /* DataStructurePresenter.swift */,
				B0E8C169212FA09000CBE90B /* AlgorithmSearchPresenter.swift */,
				B0A4DB332129E781000CFC7F /* AlgorithmPresenter.swift */,
				B0A8FCFC2131DEFF008F82E2 /* DataStructureSearchPresenter.swift */,
				B0A8FD0621321787008F82E2 /* PuzzlesPresenter.swift */,
				B0BEE2DC23F8E1F100D20DE9 /* CatalystAlgorithmSearchPresenter.swift */,
			);
			path = Presenters;
			sourceTree = "<group>";
		};
		B0CDE30023E908E50091E8E2 /* web_markdown */ = {
			isa = PBXGroup;
			children = (
				B0CDE30123E9090D0091E8E2 /* MarkdownView.swift */,
				B0A6B11823E6B60C00EDA1E0 /* index_dark.html */,
				B0A6B11923E6B60C00EDA1E0 /* index_light.html */,
				B0A6B11B23E6B60C00EDA1E0 /* main_dark.css */,
				B0A6B11A23E6B60C00EDA1E0 /* main_light.css */,
				B0A6B11C23E6B60C00EDA1E0 /* main.js */,
			);
			path = web_markdown;
			sourceTree = "<group>";
		};
		B0CDE30323E90ACD0091E8E2 /* Catalyst */ = {
			isa = PBXGroup;
			children = (
				B0CDE30423E90AFA0091E8E2 /* CategoryArticleListViewController.swift */,
				B0CDE30823E90B660091E8E2 /* SideMenuTableViewController.swift */,
				B0D2FAAD23EFC742001ADACA /* RootCatalystCoordinator.swift */,
				B0D2FAB223EFCDD5001ADACA /* MainCatalystPresenter.swift */,
			);
			path = Catalyst;
			sourceTree = "<group>";
		};
		B0D2FAAF23EFC770001ADACA /* Protocols */ = {
			isa = PBXGroup;
			children = (
				B0D2FAB023EFC779001ADACA /* Coordinating.swift */,
			);
			path = Protocols;
			sourceTree = "<group>";
		};
		B0F6D77F213B42A000E52E71 /* Coordinators */ = {
			isa = PBXGroup;
			children = (
				B0A8FD0A21321FF6008F82E2 /* RootTabBarCoordinator.swift */,
				B03CEA5E2134E00F00F87760 /* CategoryCoordinator.swift */,
				B0C7F04E236933BF00F9B5BF /* AppCoordinator.swift */,
			);
			path = Coordinators;
			sourceTree = "<group>";
		};
		B0F6D780213B42C500E52E71 /* Extensions */ = {
			isa = PBXGroup;
			children = (
				B01733922128D1F600FBEFE5 /* ClosureProxy.swift */,
				B01733942128E44500FBEFE5 /* UIImage.swift */,
				B069F1C4212B987B002FABFB /* CALayer.swift */,
				B0E8C16D212FAC4200CBE90B /* UIView.swift */,
				B0A8FD04213210E0008F82E2 /* UINavigationController.swift */,
			);
			path = Extensions;
			sourceTree = "<group>";
		};
		B0F6D781213B430D00E52E71 /* Views */ = {
			isa = PBXGroup;
			children = (
				B0CDE30323E90ACD0091E8E2 /* Catalyst */,
				B01733AA2129389000FBEFE5 /* PrimaryButton.swift */,
				B01733842128CB7200FBEFE5 /* QuadrantSelectorView.swift */,
				B01733882128CBA900FBEFE5 /* QuadrantItemView.swift */,
				B01733982128E92400FBEFE5 /* ActionIconRowCell.swift */,
				B017339E212934CB00FBEFE5 /* LabelTableFooterView.swift */,
				B01733A0212934DE00FBEFE5 /* BasicTableHeaderView.swift */,
				B01733A42129351A00FBEFE5 /* BasicTableCell.swift */,
				B0A4DB3B212A066C000CFC7F /* ConfettiButton.swift */,
				B0A4DB3D212A068A000CFC7F /* ConfettilView.swift */,
				B0A4DB39212A0648000CFC7F /* DonateFooterView.swift */,
				B0F38507212BB23000779976 /* CategoryRowTableCell.swift */,
				B0F3850B212BB29200779976 /* CategoryCollectionCell.swift */,
				B069F1B4212A3E63002FABFB /* SearchEmptyStateView.swift */,
				B069F1BE212A5E83002FABFB /* TableLoadingView.swift */,
				B00A1DB1212F8C67007187CF /* LottieLoaderView.swift */,
				B0A8FCFE2131FE26008F82E2 /* BasicTableFooterView.swift */,
			);
			path = Views;
			sourceTree = "<group>";
		};
		B0F6D782213B435300E52E71 /* Controllers */ = {
			isa = PBXGroup;
			children = (
				B0A4DB352129F21C000CFC7F /* BasicTableHeaderRowController.swift */,
				B0E8C16B212FAC1D00CBE90B /* SearchResultsTableViewController.swift */,
				B00B26A42123B5DE00E1DF9C /* MarkdownPresentationViewController.swift */,
				B017338A2128CC9800FBEFE5 /* RootTabBarController.swift */,
				B017338C2128CDC700FBEFE5 /* SectionProxyTableViewController.swift */,
				B017338E2128D02900FBEFE5 /* DataStructuresViewController.swift */,
				B01733902128D04500FBEFE5 /* AlgorithmViewController.swift */,
				B01733962128E8EA00FBEFE5 /* ActionTableSectionController.swift */,
				B017339A2129347600FBEFE5 /* ActionTableRowController.swift */,
				B017339C212934A200FBEFE5 /* BasicTableSectionController.swift */,
				B01733A2212934F400FBEFE5 /* BasicTableRowController.swift */,
				B069F1BC212A494C002FABFB /* SearchResultsRowController.swift */,
				B069F1C2212B8F72002FABFB /* CollectionSectionController.swift */,
				B0F38505212BB21A00779976 /* CategoryRowTableSectionController.swift */,
				B0F38509212BB26A00779976 /* CategorySideScrollingCollecitonSectionController.swift */,
				B0F3850D212BB33000779976 /* CategoryDetailViewController.swift */,
				B0A4DB37212A03B6000CFC7F /* JoinTheClubRowController.swift */,
				B0A8FD00213208B6008F82E2 /* PuzzlesViewController.swift */,
				B0A8FD02213208DB008F82E2 /* AboutViewController.swift */,
				B0F379A22381FCD100E4768A /* SettingsViewController.swift */,
			);
			path = Controllers;
			sourceTree = "<group>";
		};
		B0F6D783213B43B400E52E71 /* Factories */ = {
			isa = PBXGroup;
			children = (
				B01733AC21294C4C00FBEFE5 /* UrlFactory.swift */,
				B03CEA5C2134CDA100F87760 /* AlgorithmSectionFactory.swift */,
				B06EB0B32138F6CF0088C86D /* DataStructureSectionFactory.swift */,
			);
			path = Factories;
			sourceTree = "<group>";
		};
		B0F6D784213B43EA00E52E71 /* Models */ = {
			isa = PBXGroup;
			children = (
				1A1068CC22231EB0008CC444 /* Algorithm */,
				B0E8C16F2130E41600CBE90B /* DataStructure.swift */,
				B0A8FD0821321EA0008F82E2 /* Puzzle.swift */,
			);
			path = Models;
			sourceTree = "<group>";
		};
		B0F6D785213B440200E52E71 /* Services */ = {
			isa = PBXGroup;
			children = (
				B01733AE21294C6E00FBEFE5 /* StringNetworkService.swift */,
			);
			path = Services;
			sourceTree = "<group>";
		};
		B0F6D786213B443200E52E71 /* Assets */ = {
			isa = PBXGroup;
			children = (
				B00B26A92123B5E000E1DF9C /* Assets.xcassets */,
				B069F1B6212A406E002FABFB /* Rejection.json */,
				B00A1DAF212F8AD5007187CF /* legoloader.json */,
			);
			path = Assets;
			sourceTree = "<group>";
		};
		B0F6D787213B444000E52E71 /* Application */ = {
			isa = PBXGroup;
			children = (
				B00B26A22123B5DE00E1DF9C /* AppDelegate.swift */,
				B00B26AB2123B5E000E1DF9C /* LaunchScreen.storyboard */,
				B0A69B2B23F103D000CC9B4D /* SceneDelegate.swift */,
			);
			path = Application;
			sourceTree = "<group>";
		};
		BECE2E0AED4B2BEDF256682C /* Frameworks */ = {
			isa = PBXGroup;
			children = (
				270B493059A6D7185F03AF9C /* Pods_swift_algorithmsTests.framework */,
				DA706CACE80D15D9F2E76A6C /* Pods_swift_algorithmsUITests.framework */,
				7FFC57D1C94F832F8E234C17 /* Pods_Algorithms___Data_Structures.framework */,
			);
			name = Frameworks;
			sourceTree = "<group>";
		};
/* End PBXGroup section */

/* Begin PBXNativeTarget section */
		B00B269E2123B5DE00E1DF9C /* Algorithms & Data Structures */ = {
			isa = PBXNativeTarget;
			buildConfigurationList = B00B26C72123B5E000E1DF9C /* Build configuration list for PBXNativeTarget "Algorithms & Data Structures" */;
			buildPhases = (
				0075FCEF338FB8682DF035D4 /* [CP] Check Pods Manifest.lock */,
				B00B269B2123B5DE00E1DF9C /* Sources */,
				B00B269C2123B5DE00E1DF9C /* Frameworks */,
				B00B269D2123B5DE00E1DF9C /* Resources */,
				C9C18AABD003656C1DA7E1C9 /* [CP] Embed Pods Frameworks */,
			);
			buildRules = (
			);
			dependencies = (
			);
			name = "Algorithms & Data Structures";
			productName = swift_algorithms;
			productReference = B00B269F2123B5DE00E1DF9C /* Algorithms & Data Structures.app */;
			productType = "com.apple.product-type.application";
		};
		B00B26B22123B5E000E1DF9C /* swift_algorithmsTests */ = {
			isa = PBXNativeTarget;
			buildConfigurationList = B00B26CA2123B5E000E1DF9C /* Build configuration list for PBXNativeTarget "swift_algorithmsTests" */;
			buildPhases = (
				6E700FCC56E818770F9327CF /* [CP] Check Pods Manifest.lock */,
				B00B26AF2123B5E000E1DF9C /* Sources */,
				B00B26B02123B5E000E1DF9C /* Frameworks */,
				B00B26B12123B5E000E1DF9C /* Resources */,
			);
			buildRules = (
			);
			dependencies = (
				B00B26B52123B5E000E1DF9C /* PBXTargetDependency */,
			);
			name = swift_algorithmsTests;
			productName = swift_algorithmsTests;
			productReference = B00B26B32123B5E000E1DF9C /* swift_algorithmsTests.xctest */;
			productType = "com.apple.product-type.bundle.unit-test";
		};
		B00B26BD2123B5E000E1DF9C /* swift_algorithmsUITests */ = {
			isa = PBXNativeTarget;
			buildConfigurationList = B00B26CD2123B5E000E1DF9C /* Build configuration list for PBXNativeTarget "swift_algorithmsUITests" */;
			buildPhases = (
				4D9813BA00A50A00DACD0372 /* [CP] Check Pods Manifest.lock */,
				B00B26BA2123B5E000E1DF9C /* Sources */,
				B00B26BB2123B5E000E1DF9C /* Frameworks */,
				B00B26BC2123B5E000E1DF9C /* Resources */,
			);
			buildRules = (
			);
			dependencies = (
				B00B26C02123B5E000E1DF9C /* PBXTargetDependency */,
			);
			name = swift_algorithmsUITests;
			productName = swift_algorithmsUITests;
			productReference = B00B26BE2123B5E000E1DF9C /* swift_algorithmsUITests.xctest */;
			productType = "com.apple.product-type.bundle.ui-testing";
		};
/* End PBXNativeTarget section */

/* Begin PBXProject section */
		B00B26972123B5DE00E1DF9C /* Project object */ = {
			isa = PBXProject;
			attributes = {
				LastSwiftUpdateCheck = 1000;
				LastUpgradeCheck = 1000;
				ORGANIZATIONNAME = "Alexander Murphy";
				TargetAttributes = {
					B00B269E2123B5DE00E1DF9C = {
						CreatedOnToolsVersion = 10.0;
						LastSwiftMigration = 1020;
					};
					B00B26B22123B5E000E1DF9C = {
						CreatedOnToolsVersion = 10.0;
						LastSwiftMigration = 1020;
						TestTargetID = B00B269E2123B5DE00E1DF9C;
					};
					B00B26BD2123B5E000E1DF9C = {
						CreatedOnToolsVersion = 10.0;
						LastSwiftMigration = 1020;
						TestTargetID = B00B269E2123B5DE00E1DF9C;
					};
				};
			};
			buildConfigurationList = B00B269A2123B5DE00E1DF9C /* Build configuration list for PBXProject "swift_algorithms" */;
			compatibilityVersion = "Xcode 9.3";
			developmentRegion = en;
			hasScannedForEncodings = 0;
			knownRegions = (
				en,
				Base,
			);
			mainGroup = B00B26962123B5DE00E1DF9C;
			productRefGroup = B00B26A02123B5DE00E1DF9C /* Products */;
			projectDirPath = "";
			projectRoot = "";
			targets = (
				B00B269E2123B5DE00E1DF9C /* Algorithms & Data Structures */,
				B00B26B22123B5E000E1DF9C /* swift_algorithmsTests */,
				B00B26BD2123B5E000E1DF9C /* swift_algorithmsUITests */,
			);
		};
/* End PBXProject section */

/* Begin PBXResourcesBuildPhase section */
		B00B269D2123B5DE00E1DF9C /* Resources */ = {
			isa = PBXResourcesBuildPhase;
			buildActionMask = 2147483647;
			files = (
				B0CDE2FE23E906C40091E8E2 /* main_dark.css in Resources */,
				B0CDE2FF23E906C40091E8E2 /* main_light.css in Resources */,
				B0CDE2FC23E9069D0091E8E2 /* index_dark.html in Resources */,
				B0CDE2FD23E9069D0091E8E2 /* index_light.html in Resources */,
				B00A1DB0212F8AD5007187CF /* legoloader.json in Resources */,
				B00B26AD2123B5E000E1DF9C /* LaunchScreen.storyboard in Resources */,
				B0513C32213B4E2C006C0124 /* README.md in Resources */,
				B0A6B11D23E6B60C00EDA1E0 /* main.js in Resources */,
				B069F1B7212A406E002FABFB /* Rejection.json in Resources */,
				B00B26AA2123B5E000E1DF9C /* Assets.xcassets in Resources */,
			);
			runOnlyForDeploymentPostprocessing = 0;
		};
		B00B26B12123B5E000E1DF9C /* Resources */ = {
			isa = PBXResourcesBuildPhase;
			buildActionMask = 2147483647;
			files = (
			);
			runOnlyForDeploymentPostprocessing = 0;
		};
		B00B26BC2123B5E000E1DF9C /* Resources */ = {
			isa = PBXResourcesBuildPhase;
			buildActionMask = 2147483647;
			files = (
			);
			runOnlyForDeploymentPostprocessing = 0;
		};
/* End PBXResourcesBuildPhase section */

/* Begin PBXShellScriptBuildPhase section */
		0075FCEF338FB8682DF035D4 /* [CP] Check Pods Manifest.lock */ = {
			isa = PBXShellScriptBuildPhase;
			buildActionMask = 2147483647;
			files = (
			);
			inputFileListPaths = (
			);
			inputPaths = (
				"${PODS_PODFILE_DIR_PATH}/Podfile.lock",
				"${PODS_ROOT}/Manifest.lock",
			);
			name = "[CP] Check Pods Manifest.lock";
			outputFileListPaths = (
			);
			outputPaths = (
				"$(DERIVED_FILE_DIR)/Pods-Algorithms & Data Structures-checkManifestLockResult.txt",
			);
			runOnlyForDeploymentPostprocessing = 0;
			shellPath = /bin/sh;
			shellScript = "diff \"${PODS_PODFILE_DIR_PATH}/Podfile.lock\" \"${PODS_ROOT}/Manifest.lock\" > /dev/null\nif [ $? != 0 ] ; then\n    # print error to STDERR\n    echo \"error: The sandbox is not in sync with the Podfile.lock. Run 'pod install' or update your CocoaPods installation.\" >&2\n    exit 1\nfi\n# This output is used by Xcode 'outputs' to avoid re-running this script phase.\necho \"SUCCESS\" > \"${SCRIPT_OUTPUT_FILE_0}\"\n";
			showEnvVarsInLog = 0;
		};
		4D9813BA00A50A00DACD0372 /* [CP] Check Pods Manifest.lock */ = {
			isa = PBXShellScriptBuildPhase;
			buildActionMask = 2147483647;
			files = (
			);
			inputFileListPaths = (
			);
			inputPaths = (
				"${PODS_PODFILE_DIR_PATH}/Podfile.lock",
				"${PODS_ROOT}/Manifest.lock",
			);
			name = "[CP] Check Pods Manifest.lock";
			outputFileListPaths = (
			);
			outputPaths = (
				"$(DERIVED_FILE_DIR)/Pods-swift_algorithmsUITests-checkManifestLockResult.txt",
			);
			runOnlyForDeploymentPostprocessing = 0;
			shellPath = /bin/sh;
			shellScript = "diff \"${PODS_PODFILE_DIR_PATH}/Podfile.lock\" \"${PODS_ROOT}/Manifest.lock\" > /dev/null\nif [ $? != 0 ] ; then\n    # print error to STDERR\n    echo \"error: The sandbox is not in sync with the Podfile.lock. Run 'pod install' or update your CocoaPods installation.\" >&2\n    exit 1\nfi\n# This output is used by Xcode 'outputs' to avoid re-running this script phase.\necho \"SUCCESS\" > \"${SCRIPT_OUTPUT_FILE_0}\"\n";
			showEnvVarsInLog = 0;
		};
		6E700FCC56E818770F9327CF /* [CP] Check Pods Manifest.lock */ = {
			isa = PBXShellScriptBuildPhase;
			buildActionMask = 2147483647;
			files = (
			);
			inputFileListPaths = (
			);
			inputPaths = (
				"${PODS_PODFILE_DIR_PATH}/Podfile.lock",
				"${PODS_ROOT}/Manifest.lock",
			);
			name = "[CP] Check Pods Manifest.lock";
			outputFileListPaths = (
			);
			outputPaths = (
				"$(DERIVED_FILE_DIR)/Pods-swift_algorithmsTests-checkManifestLockResult.txt",
			);
			runOnlyForDeploymentPostprocessing = 0;
			shellPath = /bin/sh;
			shellScript = "diff \"${PODS_PODFILE_DIR_PATH}/Podfile.lock\" \"${PODS_ROOT}/Manifest.lock\" > /dev/null\nif [ $? != 0 ] ; then\n    # print error to STDERR\n    echo \"error: The sandbox is not in sync with the Podfile.lock. Run 'pod install' or update your CocoaPods installation.\" >&2\n    exit 1\nfi\n# This output is used by Xcode 'outputs' to avoid re-running this script phase.\necho \"SUCCESS\" > \"${SCRIPT_OUTPUT_FILE_0}\"\n";
			showEnvVarsInLog = 0;
		};
		C9C18AABD003656C1DA7E1C9 /* [CP] Embed Pods Frameworks */ = {
			isa = PBXShellScriptBuildPhase;
			buildActionMask = 2147483647;
			files = (
			);
			inputFileListPaths = (
				"${PODS_ROOT}/Target Support Files/Pods-Algorithms & Data Structures/Pods-Algorithms & Data Structures-frameworks-${CONFIGURATION}-input-files.xcfilelist",
			);
			name = "[CP] Embed Pods Frameworks";
			outputFileListPaths = (
				"${PODS_ROOT}/Target Support Files/Pods-Algorithms & Data Structures/Pods-Algorithms & Data Structures-frameworks-${CONFIGURATION}-output-files.xcfilelist",
			);
			runOnlyForDeploymentPostprocessing = 0;
			shellPath = /bin/sh;
			shellScript = "\"${PODS_ROOT}/Target Support Files/Pods-Algorithms & Data Structures/Pods-Algorithms & Data Structures-frameworks.sh\"\n";
			showEnvVarsInLog = 0;
		};
/* End PBXShellScriptBuildPhase section */

/* Begin PBXSourcesBuildPhase section */
		B00B269B2123B5DE00E1DF9C /* Sources */ = {
			isa = PBXSourcesBuildPhase;
			buildActionMask = 2147483647;
			files = (
				B01733892128CBA900FBEFE5 /* QuadrantItemView.swift in Sources */,
				B0A4DB3C212A066C000CFC7F /* ConfettiButton.swift in Sources */,
				B01733972128E8EA00FBEFE5 /* ActionTableSectionController.swift in Sources */,
				B0CDE30223E9090D0091E8E2 /* MarkdownView.swift in Sources */,
				B0CDE30923E90B660091E8E2 /* SideMenuTableViewController.swift in Sources */,
				1A1068BA2222E0B9008CC444 /* SortingLevel.swift in Sources */,
				1A1068C22222E448008CC444 /* SortingAlgorithm.swift in Sources */,
				1A1068B82222DD37008CC444 /* AlgorithmCategory.swift in Sources */,
				B0A4DB3A212A0648000CFC7F /* DonateFooterView.swift in Sources */,
				B0CDE30523E90AFA0091E8E2 /* CategoryArticleListViewController.swift in Sources */,
				B0F38506212BB21A00779976 /* CategoryRowTableSectionController.swift in Sources */,
				B01733952128E44500FBEFE5 /* UIImage.swift in Sources */,
				B017338B2128CC9800FBEFE5 /* RootTabBarController.swift in Sources */,
				B0A8FD0721321787008F82E2 /* PuzzlesPresenter.swift in Sources */,
				B069F1C3212B8F72002FABFB /* CollectionSectionController.swift in Sources */,
				B0D2FAB123EFC779001ADACA /* Coordinating.swift in Sources */,
				B017338D2128CDC700FBEFE5 /* SectionProxyTableViewController.swift in Sources */,
				B0F38508212BB23000779976 /* CategoryRowTableCell.swift in Sources */,
				B069F1C5212B987B002FABFB /* CALayer.swift in Sources */,
				B0A8FD05213210E0008F82E2 /* UINavigationController.swift in Sources */,
				B0E8C16A212FA09000CBE90B /* AlgorithmSearchPresenter.swift in Sources */,
				B0A4DB342129E781000CFC7F /* AlgorithmPresenter.swift in Sources */,
				B0F379A32381FCD100E4768A /* SettingsViewController.swift in Sources */,
				B0F3850E212BB33000779976 /* CategoryDetailViewController.swift in Sources */,
				B03CEA5F2134E00F00F87760 /* CategoryCoordinator.swift in Sources */,
				B017339D212934A200FBEFE5 /* BasicTableSectionController.swift in Sources */,
				B01733852128CB7200FBEFE5 /* QuadrantSelectorView.swift in Sources */,
				B017339F212934CB00FBEFE5 /* LabelTableFooterView.swift in Sources */,
				B0E8C1702130E41600CBE90B /* DataStructure.swift in Sources */,
				B0D2FAB323EFCDD5001ADACA /* MainCatalystPresenter.swift in Sources */,
				B0F3850A212BB26A00779976 /* CategorySideScrollingCollecitonSectionController.swift in Sources */,
				B01733932128D1F600FBEFE5 /* ClosureProxy.swift in Sources */,
				B017338F2128D02900FBEFE5 /* DataStructuresViewController.swift in Sources */,
				B01733AD21294C4C00FBEFE5 /* UrlFactory.swift in Sources */,
				B0A8FCFF2131FE26008F82E2 /* BasicTableFooterView.swift in Sources */,
				B0E8C16C212FAC1E00CBE90B /* SearchResultsTableViewController.swift in Sources */,
				B01733AF21294C6E00FBEFE5 /* StringNetworkService.swift in Sources */,
				B0D2FAAE23EFC742001ADACA /* RootCatalystCoordinator.swift in Sources */,
				B01733AB2129389000FBEFE5 /* PrimaryButton.swift in Sources */,
				B0A4DB38212A03B6000CFC7F /* JoinTheClubRowController.swift in Sources */,
				B01733A1212934DE00FBEFE5 /* BasicTableHeaderView.swift in Sources */,
				B017339B2129347600FBEFE5 /* ActionTableRowController.swift in Sources */,
				1A1068C62222E5F3008CC444 /* MiscAlgorithm.swift in Sources */,
				1A1068BC2222E16A008CC444 /* GettingStartedAlgorithm.swift in Sources */,
				B0A8FD0B21321FF6008F82E2 /* RootTabBarCoordinator.swift in Sources */,
				B0E8C16E212FAC4200CBE90B /* UIView.swift in Sources */,
				B069F1B5212A3E63002FABFB /* SearchEmptyStateView.swift in Sources */,
				B0A4DB3E212A068A000CFC7F /* ConfettilView.swift in Sources */,
				B0A8FD01213208B6008F82E2 /* PuzzlesViewController.swift in Sources */,
				B00A1DB2212F8C67007187CF /* LottieLoaderView.swift in Sources */,
				B01733A3212934F400FBEFE5 /* BasicTableRowController.swift in Sources */,
				B069F1BF212A5E83002FABFB /* TableLoadingView.swift in Sources */,
				B0A8FCFD2131DEFF008F82E2 /* DataStructureSearchPresenter.swift in Sources */,
				B0A69B2C23F103D000CC9B4D /* SceneDelegate.swift in Sources */,
				1A1068C82222E67B008CC444 /* MathematicsAlgorithm.swift in Sources */,
				B00B26A52123B5DE00E1DF9C /* MarkdownPresentationViewController.swift in Sources */,
				B069F1BD212A494C002FABFB /* SearchResultsRowController.swift in Sources */,
				1A1068CA2222E73A008CC444 /* MachineLearningAlgorithm.swift in Sources */,
				B0A8FD0921321EA0008F82E2 /* Puzzle.swift in Sources */,
				B01733992128E92400FBEFE5 /* ActionIconRowCell.swift in Sources */,
				B01733912128D04500FBEFE5 /* AlgorithmViewController.swift in Sources */,
				B0F3850C212BB29200779976 /* CategoryCollectionCell.swift in Sources */,
				1A1068C42222E553008CC444 /* CompressionAlgorithm.swift in Sources */,
				B0A4DB362129F21C000CFC7F /* BasicTableHeaderRowController.swift in Sources */,
				B069F1C1212A6727002FABFB /* Algorithm.swift in Sources */,
				B0BEE2DD23F8E1F100D20DE9 /* CatalystAlgorithmSearchPresenter.swift in Sources */,
				1A1068B62222D4A1008CC444 /* IntroductionAlgorithm.swift in Sources */,
				B0F6D77E213B428E00E52E71 /* DataStructurePresenter.swift in Sources */,
				B0C7F04F236933BF00F9B5BF /* AppCoordinator.swift in Sources */,
				B01733A52129351A00FBEFE5 /* BasicTableCell.swift in Sources */,
				1A1068C02222E394008CC444 /* StringSearchAlgorithm.swift in Sources */,
				B0A8FD03213208DB008F82E2 /* AboutViewController.swift in Sources */,
				B06EB0B42138F6CF0088C86D /* DataStructureSectionFactory.swift in Sources */,
				1A1068BE2222E226008CC444 /* SearchingAlgorithm.swift in Sources */,
				B03CEA5D2134CDA100F87760 /* AlgorithmSectionFactory.swift in Sources */,
				B00B26A32123B5DE00E1DF9C /* AppDelegate.swift in Sources */,
			);
			runOnlyForDeploymentPostprocessing = 0;
		};
		B00B26AF2123B5E000E1DF9C /* Sources */ = {
			isa = PBXSourcesBuildPhase;
			buildActionMask = 2147483647;
			files = (
				B00B26B82123B5E000E1DF9C /* swift_algorithmsTests.swift in Sources */,
			);
			runOnlyForDeploymentPostprocessing = 0;
		};
		B00B26BA2123B5E000E1DF9C /* Sources */ = {
			isa = PBXSourcesBuildPhase;
			buildActionMask = 2147483647;
			files = (
				B00B26C32123B5E000E1DF9C /* swift_algorithmsUITests.swift in Sources */,
			);
			runOnlyForDeploymentPostprocessing = 0;
		};
/* End PBXSourcesBuildPhase section */

/* Begin PBXTargetDependency section */
		B00B26B52123B5E000E1DF9C /* PBXTargetDependency */ = {
			isa = PBXTargetDependency;
			target = B00B269E2123B5DE00E1DF9C /* Algorithms & Data Structures */;
			targetProxy = B00B26B42123B5E000E1DF9C /* PBXContainerItemProxy */;
		};
		B00B26C02123B5E000E1DF9C /* PBXTargetDependency */ = {
			isa = PBXTargetDependency;
			target = B00B269E2123B5DE00E1DF9C /* Algorithms & Data Structures */;
			targetProxy = B00B26BF2123B5E000E1DF9C /* PBXContainerItemProxy */;
		};
/* End PBXTargetDependency section */

/* Begin PBXVariantGroup section */
		B00B26AB2123B5E000E1DF9C /* LaunchScreen.storyboard */ = {
			isa = PBXVariantGroup;
			children = (
				B00B26AC2123B5E000E1DF9C /* Base */,
			);
			name = LaunchScreen.storyboard;
			sourceTree = "<group>";
		};
/* End PBXVariantGroup section */

/* Begin XCBuildConfiguration section */
		B00B26C52123B5E000E1DF9C /* Debug */ = {
			isa = XCBuildConfiguration;
			buildSettings = {
				ALWAYS_SEARCH_USER_PATHS = NO;
				CLANG_ANALYZER_NONNULL = YES;
				CLANG_ANALYZER_NUMBER_OBJECT_CONVERSION = YES_AGGRESSIVE;
				CLANG_CXX_LANGUAGE_STANDARD = "gnu++14";
				CLANG_CXX_LIBRARY = "libc++";
				CLANG_ENABLE_MODULES = YES;
				CLANG_ENABLE_OBJC_ARC = YES;
				CLANG_ENABLE_OBJC_WEAK = YES;
				CLANG_WARN_BLOCK_CAPTURE_AUTORELEASING = YES;
				CLANG_WARN_BOOL_CONVERSION = YES;
				CLANG_WARN_COMMA = YES;
				CLANG_WARN_CONSTANT_CONVERSION = YES;
				CLANG_WARN_DEPRECATED_OBJC_IMPLEMENTATIONS = YES;
				CLANG_WARN_DIRECT_OBJC_ISA_USAGE = YES_ERROR;
				CLANG_WARN_DOCUMENTATION_COMMENTS = YES;
				CLANG_WARN_EMPTY_BODY = YES;
				CLANG_WARN_ENUM_CONVERSION = YES;
				CLANG_WARN_INFINITE_RECURSION = YES;
				CLANG_WARN_INT_CONVERSION = YES;
				CLANG_WARN_NON_LITERAL_NULL_CONVERSION = YES;
				CLANG_WARN_OBJC_IMPLICIT_RETAIN_SELF = YES;
				CLANG_WARN_OBJC_LITERAL_CONVERSION = YES;
				CLANG_WARN_OBJC_ROOT_CLASS = YES_ERROR;
				CLANG_WARN_RANGE_LOOP_ANALYSIS = YES;
				CLANG_WARN_STRICT_PROTOTYPES = YES;
				CLANG_WARN_SUSPICIOUS_MOVE = YES;
				CLANG_WARN_UNGUARDED_AVAILABILITY = YES_AGGRESSIVE;
				CLANG_WARN_UNREACHABLE_CODE = YES;
				CLANG_WARN__DUPLICATE_METHOD_MATCH = YES;
				CODE_SIGN_IDENTITY = "iPhone Developer";
				COPY_PHASE_STRIP = NO;
				DEBUG_INFORMATION_FORMAT = dwarf;
				ENABLE_STRICT_OBJC_MSGSEND = YES;
				ENABLE_TESTABILITY = YES;
				GCC_C_LANGUAGE_STANDARD = gnu11;
				GCC_DYNAMIC_NO_PIC = NO;
				GCC_NO_COMMON_BLOCKS = YES;
				GCC_OPTIMIZATION_LEVEL = 0;
				GCC_PREPROCESSOR_DEFINITIONS = (
					"DEBUG=1",
					"$(inherited)",
				);
				GCC_WARN_64_TO_32_BIT_CONVERSION = YES;
				GCC_WARN_ABOUT_RETURN_TYPE = YES_ERROR;
				GCC_WARN_UNDECLARED_SELECTOR = YES;
				GCC_WARN_UNINITIALIZED_AUTOS = YES_AGGRESSIVE;
				GCC_WARN_UNUSED_FUNCTION = YES;
				GCC_WARN_UNUSED_VARIABLE = YES;
				IPHONEOS_DEPLOYMENT_TARGET = 12.0;
				MTL_ENABLE_DEBUG_INFO = INCLUDE_SOURCE;
				ONLY_ACTIVE_ARCH = YES;
				SDKROOT = iphoneos;
				SWIFT_ACTIVE_COMPILATION_CONDITIONS = DEBUG;
				SWIFT_OPTIMIZATION_LEVEL = "-Onone";
			};
			name = Debug;
		};
		B00B26C62123B5E000E1DF9C /* Release */ = {
			isa = XCBuildConfiguration;
			buildSettings = {
				ALWAYS_SEARCH_USER_PATHS = NO;
				CLANG_ANALYZER_NONNULL = YES;
				CLANG_ANALYZER_NUMBER_OBJECT_CONVERSION = YES_AGGRESSIVE;
				CLANG_CXX_LANGUAGE_STANDARD = "gnu++14";
				CLANG_CXX_LIBRARY = "libc++";
				CLANG_ENABLE_MODULES = YES;
				CLANG_ENABLE_OBJC_ARC = YES;
				CLANG_ENABLE_OBJC_WEAK = YES;
				CLANG_WARN_BLOCK_CAPTURE_AUTORELEASING = YES;
				CLANG_WARN_BOOL_CONVERSION = YES;
				CLANG_WARN_COMMA = YES;
				CLANG_WARN_CONSTANT_CONVERSION = YES;
				CLANG_WARN_DEPRECATED_OBJC_IMPLEMENTATIONS = YES;
				CLANG_WARN_DIRECT_OBJC_ISA_USAGE = YES_ERROR;
				CLANG_WARN_DOCUMENTATION_COMMENTS = YES;
				CLANG_WARN_EMPTY_BODY = YES;
				CLANG_WARN_ENUM_CONVERSION = YES;
				CLANG_WARN_INFINITE_RECURSION = YES;
				CLANG_WARN_INT_CONVERSION = YES;
				CLANG_WARN_NON_LITERAL_NULL_CONVERSION = YES;
				CLANG_WARN_OBJC_IMPLICIT_RETAIN_SELF = YES;
				CLANG_WARN_OBJC_LITERAL_CONVERSION = YES;
				CLANG_WARN_OBJC_ROOT_CLASS = YES_ERROR;
				CLANG_WARN_RANGE_LOOP_ANALYSIS = YES;
				CLANG_WARN_STRICT_PROTOTYPES = YES;
				CLANG_WARN_SUSPICIOUS_MOVE = YES;
				CLANG_WARN_UNGUARDED_AVAILABILITY = YES_AGGRESSIVE;
				CLANG_WARN_UNREACHABLE_CODE = YES;
				CLANG_WARN__DUPLICATE_METHOD_MATCH = YES;
				CODE_SIGN_IDENTITY = "iPhone Developer";
				COPY_PHASE_STRIP = NO;
				DEBUG_INFORMATION_FORMAT = "dwarf-with-dsym";
				ENABLE_NS_ASSERTIONS = NO;
				ENABLE_STRICT_OBJC_MSGSEND = YES;
				GCC_C_LANGUAGE_STANDARD = gnu11;
				GCC_NO_COMMON_BLOCKS = YES;
				GCC_WARN_64_TO_32_BIT_CONVERSION = YES;
				GCC_WARN_ABOUT_RETURN_TYPE = YES_ERROR;
				GCC_WARN_UNDECLARED_SELECTOR = YES;
				GCC_WARN_UNINITIALIZED_AUTOS = YES_AGGRESSIVE;
				GCC_WARN_UNUSED_FUNCTION = YES;
				GCC_WARN_UNUSED_VARIABLE = YES;
				IPHONEOS_DEPLOYMENT_TARGET = 12.0;
				MTL_ENABLE_DEBUG_INFO = NO;
				SDKROOT = iphoneos;
				SWIFT_COMPILATION_MODE = wholemodule;
				SWIFT_OPTIMIZATION_LEVEL = "-O";
				VALIDATE_PRODUCT = YES;
			};
			name = Release;
		};
		B00B26C82123B5E000E1DF9C /* Debug */ = {
			isa = XCBuildConfiguration;
			baseConfigurationReference = 25DE690A1D41B3F49AE0DBC9 /* Pods-Algorithms & Data Structures.debug.xcconfig */;
			buildSettings = {
				ASSETCATALOG_COMPILER_APPICON_NAME = AppIcon;
				CODE_SIGN_ENTITLEMENTS = swift_algorithms/swift_algorithms.entitlements;
				CODE_SIGN_STYLE = Automatic;
				CURRENT_PROJECT_VERSION = 1;
				DERIVE_MACCATALYST_PRODUCT_BUNDLE_IDENTIFIER = YES;
				DEVELOPMENT_TEAM = 9L49SS68XP;
				INFOPLIST_FILE = swift_algorithms/Info.plist;
				IPHONEOS_DEPLOYMENT_TARGET = 11;
				LD_RUNPATH_SEARCH_PATHS = (
					"$(inherited)",
					"@executable_path/Frameworks",
				);
				MARKETING_VERSION = 1.12.0;
				PRODUCT_BUNDLE_IDENTIFIER = "com.thexande.swift-algorithms";
				PRODUCT_NAME = "Algorithms & Data Structures";
				SUPPORTS_MACCATALYST = YES;
				SWIFT_VERSION = 5.0;
				TARGETED_DEVICE_FAMILY = "1,2";
			};
			name = Debug;
		};
		B00B26C92123B5E000E1DF9C /* Release */ = {
			isa = XCBuildConfiguration;
			baseConfigurationReference = A47DECABA15EBECA27E1A640 /* Pods-Algorithms & Data Structures.release.xcconfig */;
			buildSettings = {
				ASSETCATALOG_COMPILER_APPICON_NAME = AppIcon;
				CODE_SIGN_ENTITLEMENTS = swift_algorithms/swift_algorithms.entitlements;
				CODE_SIGN_STYLE = Automatic;
				CURRENT_PROJECT_VERSION = 1;
				DERIVE_MACCATALYST_PRODUCT_BUNDLE_IDENTIFIER = YES;
				DEVELOPMENT_TEAM = 9L49SS68XP;
				INFOPLIST_FILE = swift_algorithms/Info.plist;
				IPHONEOS_DEPLOYMENT_TARGET = 11;
				LD_RUNPATH_SEARCH_PATHS = (
					"$(inherited)",
					"@executable_path/Frameworks",
				);
				MARKETING_VERSION = 1.12.0;
				PRODUCT_BUNDLE_IDENTIFIER = "com.thexande.swift-algorithms";
				PRODUCT_NAME = "Algorithms & Data Structures";
				SUPPORTS_MACCATALYST = YES;
				SWIFT_VERSION = 5.0;
				TARGETED_DEVICE_FAMILY = "1,2";
			};
			name = Release;
		};
		B00B26CB2123B5E000E1DF9C /* Debug */ = {
			isa = XCBuildConfiguration;
			baseConfigurationReference = F4C1D994F013BE2CFEE1B988 /* Pods-swift_algorithmsTests.debug.xcconfig */;
			buildSettings = {
				ALWAYS_EMBED_SWIFT_STANDARD_LIBRARIES = YES;
				BUNDLE_LOADER = "$(TEST_HOST)";
				CODE_SIGN_STYLE = Automatic;
				DEVELOPMENT_TEAM = 9L49SS68XP;
				INFOPLIST_FILE = swift_algorithmsTests/Info.plist;
				LD_RUNPATH_SEARCH_PATHS = (
					"$(inherited)",
					"@executable_path/Frameworks",
					"@loader_path/Frameworks",
				);
				PRODUCT_BUNDLE_IDENTIFIER = "thexande.swift-algorithmsTests";
				PRODUCT_NAME = "$(TARGET_NAME)";
				SWIFT_VERSION = 5.0;
				TARGETED_DEVICE_FAMILY = "1,2";
				TEST_HOST = "$(BUILT_PRODUCTS_DIR)/swift_algorithms.app/swift_algorithms";
			};
			name = Debug;
		};
		B00B26CC2123B5E000E1DF9C /* Release */ = {
			isa = XCBuildConfiguration;
			baseConfigurationReference = CE2C916CA1E26A1540EF4A7B /* Pods-swift_algorithmsTests.release.xcconfig */;
			buildSettings = {
				ALWAYS_EMBED_SWIFT_STANDARD_LIBRARIES = YES;
				BUNDLE_LOADER = "$(TEST_HOST)";
				CODE_SIGN_STYLE = Automatic;
				DEVELOPMENT_TEAM = 9L49SS68XP;
				INFOPLIST_FILE = swift_algorithmsTests/Info.plist;
				LD_RUNPATH_SEARCH_PATHS = (
					"$(inherited)",
					"@executable_path/Frameworks",
					"@loader_path/Frameworks",
				);
				PRODUCT_BUNDLE_IDENTIFIER = "thexande.swift-algorithmsTests";
				PRODUCT_NAME = "$(TARGET_NAME)";
				SWIFT_VERSION = 5.0;
				TARGETED_DEVICE_FAMILY = "1,2";
				TEST_HOST = "$(BUILT_PRODUCTS_DIR)/swift_algorithms.app/swift_algorithms";
			};
			name = Release;
		};
		B00B26CE2123B5E000E1DF9C /* Debug */ = {
			isa = XCBuildConfiguration;
			baseConfigurationReference = 80420DF83CC2A4693487FB21 /* Pods-swift_algorithmsUITests.debug.xcconfig */;
			buildSettings = {
				ALWAYS_EMBED_SWIFT_STANDARD_LIBRARIES = YES;
				CODE_SIGN_STYLE = Automatic;
				DEVELOPMENT_TEAM = 9L49SS68XP;
				INFOPLIST_FILE = swift_algorithmsUITests/Info.plist;
				LD_RUNPATH_SEARCH_PATHS = (
					"$(inherited)",
					"@executable_path/Frameworks",
					"@loader_path/Frameworks",
				);
				PRODUCT_BUNDLE_IDENTIFIER = "thexande.swift-algorithmsUITests";
				PRODUCT_NAME = "$(TARGET_NAME)";
				SWIFT_VERSION = 5.0;
				TARGETED_DEVICE_FAMILY = "1,2";
				TEST_TARGET_NAME = swift_algorithms;
			};
			name = Debug;
		};
		B00B26CF2123B5E000E1DF9C /* Release */ = {
			isa = XCBuildConfiguration;
			baseConfigurationReference = 43E9CEB21F979302108A0517 /* Pods-swift_algorithmsUITests.release.xcconfig */;
			buildSettings = {
				ALWAYS_EMBED_SWIFT_STANDARD_LIBRARIES = YES;
				CODE_SIGN_STYLE = Automatic;
				DEVELOPMENT_TEAM = 9L49SS68XP;
				INFOPLIST_FILE = swift_algorithmsUITests/Info.plist;
				LD_RUNPATH_SEARCH_PATHS = (
					"$(inherited)",
					"@executable_path/Frameworks",
					"@loader_path/Frameworks",
				);
				PRODUCT_BUNDLE_IDENTIFIER = "thexande.swift-algorithmsUITests";
				PRODUCT_NAME = "$(TARGET_NAME)";
				SWIFT_VERSION = 5.0;
				TARGETED_DEVICE_FAMILY = "1,2";
				TEST_TARGET_NAME = swift_algorithms;
			};
			name = Release;
		};
/* End XCBuildConfiguration section */

/* Begin XCConfigurationList section */
		B00B269A2123B5DE00E1DF9C /* Build configuration list for PBXProject "swift_algorithms" */ = {
			isa = XCConfigurationList;
			buildConfigurations = (
				B00B26C52123B5E000E1DF9C /* Debug */,
				B00B26C62123B5E000E1DF9C /* Release */,
			);
			defaultConfigurationIsVisible = 0;
			defaultConfigurationName = Release;
		};
		B00B26C72123B5E000E1DF9C /* Build configuration list for PBXNativeTarget "Algorithms & Data Structures" */ = {
			isa = XCConfigurationList;
			buildConfigurations = (
				B00B26C82123B5E000E1DF9C /* Debug */,
				B00B26C92123B5E000E1DF9C /* Release */,
			);
			defaultConfigurationIsVisible = 0;
			defaultConfigurationName = Release;
		};
		B00B26CA2123B5E000E1DF9C /* Build configuration list for PBXNativeTarget "swift_algorithmsTests" */ = {
			isa = XCConfigurationList;
			buildConfigurations = (
				B00B26CB2123B5E000E1DF9C /* Debug */,
				B00B26CC2123B5E000E1DF9C /* Release */,
			);
			defaultConfigurationIsVisible = 0;
			defaultConfigurationName = Release;
		};
		B00B26CD2123B5E000E1DF9C /* Build configuration list for PBXNativeTarget "swift_algorithmsUITests" */ = {
			isa = XCConfigurationList;
			buildConfigurations = (
				B00B26CE2123B5E000E1DF9C /* Debug */,
				B00B26CF2123B5E000E1DF9C /* Release */,
			);
			defaultConfigurationIsVisible = 0;
			defaultConfigurationName = Release;
		};
/* End XCConfigurationList section */
	};
	rootObject = B00B26972123B5DE00E1DF9C /* Project object */;
}
